<?xml version="1.0" encoding="utf-8"?>
<Project ToolsVersion="4.0" xmlns="http://schemas.microsoft.com/developer/msbuild/2003">
  <ItemGroup>
    <Filter Include="ソース ファイル">
      <UniqueIdentifier>{4FC737F1-C7A5-4376-A066-2A32D752A2FF}</UniqueIdentifier>
      <Extensions>cpp;c;cc;cxx;c++;cppm;ixx;def;odl;idl;hpj;bat;asm;asmx</Extensions>
    </Filter>
    <Filter Include="ヘッダー ファイル">
      <UniqueIdentifier>{93995380-89BD-4b04-88EB-625FBE52EBFB}</UniqueIdentifier>
      <Extensions>h;hh;hpp;hxx;h++;hm;inl;inc;ipp;xsd</Extensions>
    </Filter>
    <Filter Include="リソース ファイル">
      <UniqueIdentifier>{67DA6AB6-F800-4c08-8B7A-83BB121AAD01}</UniqueIdentifier>
      <Extensions>rc;ico;cur;bmp;dlg;rc2;rct;bin;rgs;gif;jpg;jpeg;jpe;resx;tiff;tif;png;wav;mfcribbon-ms</Extensions>
    </Filter>
    <Filter Include="proxycommands">
      <UniqueIdentifier>{d1a61d7d-ea0e-4edf-b699-576de0d44fd2}</UniqueIdentifier>
    </Filter>
    <Filter Include="logger">
      <UniqueIdentifier>{2240114a-b397-4295-b098-f169582d34b2}</UniqueIdentifier>
    </Filter>
  </ItemGroup>
  <ItemGroup>
    <ClInclude Include="targetver.h">
      <Filter>ヘッダー ファイル</Filter>
    </ClInclude>
    <ClInclude Include="Resource.h">
      <Filter>ヘッダー ファイル</Filter>
    </ClInclude>
    <ClInclude Include="launcher_proxy.h">
      <Filter>ヘッダー ファイル</Filter>
    </ClInclude>
    <ClInclude Include="Restart.h">
      <Filter>ヘッダー ファイル</Filter>
    </ClInclude>
    <ClInclude Include="NormalPriviledgeAgent.h">
      <Filter>ヘッダー ファイル</Filter>
    </ClInclude>
    <ClInclude Include="..\soyokaze\processproxy\share\AfxWFunctions.h">
      <Filter>ヘッダー ファイル</Filter>
    </ClInclude>
    <ClInclude Include="ProxyCommand.h">
      <Filter>ヘッダー ファイル</Filter>
    </ClInclude>
    <ClInclude Include="ProxyCommandRepository.h">
      <Filter>ヘッダー ファイル</Filter>
    </ClInclude>
    <ClInclude Include="proxycommands\ShellExecuteProxyCommand.h">
      <Filter>proxycommands</Filter>
    </ClInclude>
    <ClInclude Include="proxycommands\GetCurrentAfxwDirProxyCommand.h">
      <Filter>proxycommands</Filter>
    </ClInclude>
    <ClInclude Include="proxycommands\SetCurrentAfxwDirProxyCommand.h">
      <Filter>proxycommands</Filter>
    </ClInclude>
    <ClInclude Include="AutoWrap.h">
      <Filter>ヘッダー ファイル</Filter>
    </ClInclude>
    <ClInclude Include="proxycommands\EnumExcelSheetsProxyCommand.h">
      <Filter>proxycommands</Filter>
    </ClInclude>
    <ClInclude Include="proxycommands\ActiveExcelSheetProxyCommand.h">
      <Filter>proxycommands</Filter>
    </ClInclude>
    <ClInclude Include="proxycommands\EnumCalcSheetsProxyCommand.h">
      <Filter>proxycommands</Filter>
    </ClInclude>
    <ClInclude Include="logger\Logger.h">
      <Filter>logger</Filter>
    </ClInclude>
    <ClInclude Include="proxycommands\ActiveCalcSheetProxyCommand.h">
      <Filter>proxycommands</Filter>
    </ClInclude>
    <ClInclude Include="proxycommands\GetActivePointPointWindowProxyCommand.h">
      <Filter>proxycommands</Filter>
    </ClInclude>
    <ClInclude Include="proxycommands\GoToSlideProxyCommand.h">
      <Filter>proxycommands</Filter>
    </ClInclude>
    <ClInclude Include="proxycommands\GetExcelCurrentSelectionProxyCommand.h">
      <Filter>proxycommands</Filter>
    </ClInclude>
    <ClInclude Include="proxycommands\EnumPresentationSlidesProxyCommand.h">
      <Filter>proxycommands</Filter>
    </ClInclude>
    <ClInclude Include="proxycommands\GetExplorerSelectionPathProxyCommand.h">
      <Filter>proxycommands</Filter>
    </ClInclude>
    <ClInclude Include="proxycommands\GetExplorerCurrentPathProxyCommand.h">
      <Filter>proxycommands</Filter>
    </ClInclude>
    <ClInclude Include="ExplorerFunctions.h">
      <Filter>ヘッダー ファイル</Filter>
    </ClInclude>
    <ClInclude Include="proxycommands\GetAfxwSelectionPathProxyCommand.h">
      <Filter>proxycommands</Filter>
    </ClInclude>
  </ItemGroup>
  <ItemGroup>
    <ClCompile Include="launcher_proxy.cpp">
      <Filter>ソース ファイル</Filter>
    </ClCompile>
    <ClCompile Include="Restart.cpp">
      <Filter>ソース ファイル</Filter>
    </ClCompile>
    <ClCompile Include="NormalPriviledgeAgent.cpp">
      <Filter>ソース ファイル</Filter>
    </ClCompile>
    <ClCompile Include="..\soyokaze\processproxy\share\AfxWFunctions.cpp">
      <Filter>ソース ファイル</Filter>
    </ClCompile>
    <ClCompile Include="ProxyCommandRepository.cpp">
      <Filter>ソース ファイル</Filter>
    </ClCompile>
    <ClCompile Include="proxycommands\ShellExecuteProxyCommand.cpp">
      <Filter>proxycommands</Filter>
    </ClCompile>
    <ClCompile Include="proxycommands\GetCurrentAfxwDirProxyCommand.cpp">
      <Filter>proxycommands</Filter>
    </ClCompile>
    <ClCompile Include="proxycommands\SetCurrentAfxwDirProxyCommand.cpp">
      <Filter>proxycommands</Filter>
    </ClCompile>
    <ClCompile Include="AutoWrap.cpp">
      <Filter>ソース ファイル</Filter>
    </ClCompile>
    <ClCompile Include="proxycommands\EnumExcelSheetsProxyCommand.cpp">
      <Filter>proxycommands</Filter>
    </ClCompile>
    <ClCompile Include="proxycommands\ActiveExcelSheetProxyCommand.cpp">
      <Filter>proxycommands</Filter>
    </ClCompile>
    <ClCompile Include="proxycommands\EnumCalcSheetsProxyCommand.cpp">
      <Filter>proxycommands</Filter>
    </ClCompile>
    <ClCompile Include="logger\Logger.cpp">
      <Filter>logger</Filter>
    </ClCompile>
    <ClCompile Include="proxycommands\ActiveCalcSheetProxyCommand.cpp">
      <Filter>proxycommands</Filter>
    </ClCompile>
    <ClCompile Include="proxycommands\GetActivePointPointWindowProxyCommand.cpp">
      <Filter>proxycommands</Filter>
    </ClCompile>
    <ClCompile Include="proxycommands\GoToSlideProxyCommand.cpp">
      <Filter>proxycommands</Filter>
    </ClCompile>
    <ClCompile Include="proxycommands\GetExcelCurrentSelectionProxyCommand.cpp">
      <Filter>proxycommands</Filter>
    </ClCompile>
    <ClCompile Include="proxycommands\EnumPresentationSlidesProxyCommand.cpp">
      <Filter>proxycommands</Filter>
    </ClCompile>
    <ClCompile Include="proxycommands\GetExplorerCurrentPathProxyCommand.cpp">
      <Filter>proxycommands</Filter>
    </ClCompile>
    <ClCompile Include="proxycommands\GetExplorerSelectionPathProxyCommand.cpp">
      <Filter>proxycommands</Filter>
    </ClCompile>
    <ClCompile Include="ExplorerFunctions.cpp">
      <Filter>ソース ファイル</Filter>
    </ClCompile>
    <ClCompile Include="proxycommands\GetAfxwSelectionPathProxyCommand.cpp">
      <Filter>proxycommands</Filter>
    </ClCompile>
  </ItemGroup>
  <ItemGroup>
    <ResourceCompile Include="launcher_proxy.rc">
      <Filter>リソース ファイル</Filter>
    </ResourceCompile>
  </ItemGroup>
  <ItemGroup>
    <Image Include="small.ico">
      <Filter>リソース ファイル</Filter>
    </Image>
    <Image Include="launcher_proxy.ico">
      <Filter>リソース ファイル</Filter>
    </Image>
  </ItemGroup>
</Project>