<?xml version="1.0" encoding="utf-8"?>
<Project ToolsVersion="4.0" xmlns="http://schemas.microsoft.com/developer/msbuild/2003">
  <ItemGroup>
    <Filter Include="ソース ファイル">
      <UniqueIdentifier>{4FC737F1-C7A5-4376-A066-2A32D752A2FF}</UniqueIdentifier>
      <Extensions>cpp;c;cc;cxx;def;odl;idl;hpj;bat;asm;asmx</Extensions>
    </Filter>
    <Filter Include="ヘッダー ファイル">
      <UniqueIdentifier>{93995380-89BD-4b04-88EB-625FBE52EBFB}</UniqueIdentifier>
      <Extensions>h;hh;hpp;hxx;hm;inl;inc;ipp;xsd</Extensions>
    </Filter>
    <Filter Include="リソース ファイル">
      <UniqueIdentifier>{67DA6AB6-F800-4c08-8B7A-83BB121AAD01}</UniqueIdentifier>
      <Extensions>rc;ico;cur;bmp;dlg;rc2;rct;bin;rgs;gif;jpg;jpeg;jpe;resx;tiff;tif;png;wav;mfcribbon-ms</Extensions>
    </Filter>
    <Filter Include="soyokaze">
      <UniqueIdentifier>{a5d488d7-cffd-48d7-9d31-4f84dc14f3e6}</UniqueIdentifier>
    </Filter>
    <Filter Include="soyokaze\commands">
      <UniqueIdentifier>{4a4aaa7f-a8f0-46e4-8d7d-c6a9e246ea7a}</UniqueIdentifier>
    </Filter>
    <Filter Include="soyokaze\commands\common">
      <UniqueIdentifier>{75afd043-9710-4557-8b71-f3b76a1ccc3a}</UniqueIdentifier>
    </Filter>
    <Filter Include="soyokaze\commands\shellexecute">
      <UniqueIdentifier>{548c770a-4503-4831-b7f4-ca6c0be7ce9a}</UniqueIdentifier>
    </Filter>
    <Filter Include="soyokaze\utility">
      <UniqueIdentifier>{0b80e0d7-4fc7-41e3-b7ca-2706bc2e6415}</UniqueIdentifier>
    </Filter>
    <Filter Include="soyokaze\macros">
      <UniqueIdentifier>{81243e7c-b4bb-488e-bade-65943371535b}</UniqueIdentifier>
    </Filter>
    <Filter Include="soyokaze\macros\core">
      <UniqueIdentifier>{f63210f4-e93b-4f84-8965-ed76918c0020}</UniqueIdentifier>
    </Filter>
    <Filter Include="soyokaze\hotkey">
      <UniqueIdentifier>{cdd1c956-2a2f-444f-877b-089a7b943af7}</UniqueIdentifier>
    </Filter>
    <Filter Include="soyokaze\commands\align_window">
      <UniqueIdentifier>{7d88cf8e-d381-4d4a-ad36-6204a36e1f41}</UniqueIdentifier>
    </Filter>
  </ItemGroup>
  <ItemGroup>
    <ClCompile Include="stdafx.cpp">
      <Filter>ソース ファイル</Filter>
    </ClCompile>
    <ClCompile Include="..\testcode\soyokaze\commands\common\ExpandFunctionsTest.cpp">
      <Filter>soyokaze\commands\common</Filter>
    </ClCompile>
    <ClCompile Include="..\testcode\soyokaze\commands\shellexecute\ShellExecCommandTest.cpp">
      <Filter>soyokaze\commands\shellexecute</Filter>
    </ClCompile>
    <ClCompile Include="..\testcode\soyokaze\AppProfileTest.cpp">
      <Filter>soyokaze</Filter>
    </ClCompile>
    <ClCompile Include="..\testcode\soyokaze\SharedHwndTest.cpp">
      <Filter>soyokaze</Filter>
    </ClCompile>
    <ClCompile Include="..\testcode\soyokaze\StartupParamTest.cpp">
      <Filter>soyokaze\commands</Filter>
    </ClCompile>
    <ClCompile Include="..\testcode\soyokaze\CandidateListTest.cpp">
      <Filter>soyokaze</Filter>
    </ClCompile>
    <ClCompile Include="..\testcode\soyokaze\BreadCrumbsTest.cpp">
      <Filter>soyokaze</Filter>
    </ClCompile>
    <ClCompile Include="..\testcode\soyokaze\utility\SHA1Test.cpp">
      <Filter>soyokaze\utility</Filter>
    </ClCompile>
    <ClCompile Include="..\testcode\soyokaze\macros\core\TokenTest.cpp">
      <Filter>soyokaze\macros\core</Filter>
    </ClCompile>
    <ClCompile Include="..\testcode\soyokaze\hotkey\HotKeyAttributeTest.cpp">
      <Filter>soyokaze\hotkey</Filter>
    </ClCompile>
    <ClCompile Include="..\testcode\soyokaze\commands\align_window\AlignWindowCommandParamTest.cpp">
      <Filter>soyokaze\commands\align_window</Filter>
    </ClCompile>
  </ItemGroup>
</Project>