<?xml version="1.0" encoding="utf-8"?>
<Project ToolsVersion="4.0" xmlns="http://schemas.microsoft.com/developer/msbuild/2003">
  <ItemGroup>
    <Filter Include="ソース ファイル">
      <UniqueIdentifier>{4FC737F1-C7A5-4376-A066-2A32D752A2FF}</UniqueIdentifier>
      <Extensions>cpp;c;cc;cxx;def;odl;idl;hpj;bat;asm;asmx</Extensions>
    </Filter>
    <Filter Include="ヘッダー ファイル">
      <UniqueIdentifier>{93995380-89BD-4b04-88EB-625FBE52EBFB}</UniqueIdentifier>
      <Extensions>h;hh;hpp;hxx;hm;inl;inc;ipp;xsd</Extensions>
    </Filter>
    <Filter Include="リソース ファイル">
      <UniqueIdentifier>{67DA6AB6-F800-4c08-8B7A-83BB121AAD01}</UniqueIdentifier>
      <Extensions>rc;ico;cur;bmp;dlg;rc2;rct;bin;rgs;gif;jpg;jpeg;jpe;resx;tiff;tif;png;wav;mfcribbon-ms</Extensions>
    </Filter>
    <Filter Include="soyokaze">
      <UniqueIdentifier>{a5d488d7-cffd-48d7-9d31-4f84dc14f3e6}</UniqueIdentifier>
    </Filter>
    <Filter Include="soyokaze\commands">
      <UniqueIdentifier>{4a4aaa7f-a8f0-46e4-8d7d-c6a9e246ea7a}</UniqueIdentifier>
    </Filter>
    <Filter Include="soyokaze\commands\common">
      <UniqueIdentifier>{75afd043-9710-4557-8b71-f3b76a1ccc3a}</UniqueIdentifier>
    </Filter>
    <Filter Include="soyokaze\commands\shellexecute">
      <UniqueIdentifier>{548c770a-4503-4831-b7f4-ca6c0be7ce9a}</UniqueIdentifier>
    </Filter>
    <Filter Include="soyokaze\utility">
      <UniqueIdentifier>{0b80e0d7-4fc7-41e3-b7ca-2706bc2e6415}</UniqueIdentifier>
    </Filter>
    <Filter Include="soyokaze\macros">
      <UniqueIdentifier>{81243e7c-b4bb-488e-bade-65943371535b}</UniqueIdentifier>
    </Filter>
    <Filter Include="soyokaze\macros\core">
      <UniqueIdentifier>{f63210f4-e93b-4f84-8965-ed76918c0020}</UniqueIdentifier>
    </Filter>
    <Filter Include="soyokaze\hotkey">
      <UniqueIdentifier>{cdd1c956-2a2f-444f-877b-089a7b943af7}</UniqueIdentifier>
    </Filter>
    <Filter Include="soyokaze\commands\align_window">
      <UniqueIdentifier>{7d88cf8e-d381-4d4a-ad36-6204a36e1f41}</UniqueIdentifier>
    </Filter>
    <Filter Include="soyokaze\commands\decodestring">
      <UniqueIdentifier>{e6438e73-2efd-4e0a-ae70-99505ebb26b4}</UniqueIdentifier>
    </Filter>
    <Filter Include="soyokaze\matcher">
      <UniqueIdentifier>{7fe6fbe9-a9a0-42f1-a8e3-632f487d75c0}</UniqueIdentifier>
    </Filter>
    <Filter Include="soyokaze\app">
      <UniqueIdentifier>{91cbd481-f619-4fc1-bf08-9097369f4f5e}</UniqueIdentifier>
    </Filter>
    <Filter Include="soyokaze\commands\watchpath">
      <UniqueIdentifier>{69ddaea5-6216-4d9b-adc2-bee23ece6645}</UniqueIdentifier>
    </Filter>
    <Filter Include="soyokaze\icon">
      <UniqueIdentifier>{48f76244-fbaf-4e44-8789-1d69be88c34a}</UniqueIdentifier>
    </Filter>
    <Filter Include="soyokaze\commands\core">
      <UniqueIdentifier>{4e9a9243-2bf2-4deb-9de8-17f3a628425c}</UniqueIdentifier>
    </Filter>
    <Filter Include="soyokaze\commands\validation">
      <UniqueIdentifier>{f88c0a68-1a96-47d8-aeab-d5d6056cad96}</UniqueIdentifier>
    </Filter>
    <Filter Include="soyokaze\commands\activate_window">
      <UniqueIdentifier>{63dac24d-54c7-4c64-8422-55ae0f84a450}</UniqueIdentifier>
    </Filter>
    <Filter Include="python_module">
      <UniqueIdentifier>{19e79fa4-d0f9-4401-8939-8fad5014fd81}</UniqueIdentifier>
    </Filter>
    <Filter Include="python_module\key">
      <UniqueIdentifier>{a0fe76f9-c338-4583-9c8e-818bd998d62c}</UniqueIdentifier>
    </Filter>
    <Filter Include="soyokaze\mainwindow">
      <UniqueIdentifier>{f4b736ef-e1b1-4d7b-b861-48b382c363b3}</UniqueIdentifier>
    </Filter>
    <Filter Include="soyokaze\mainwindow\layout">
      <UniqueIdentifier>{d1288620-eb1a-4ebc-8d07-f26473ba54c3}</UniqueIdentifier>
    </Filter>
  </ItemGroup>
  <ItemGroup>
    <ClCompile Include="stdafx.cpp">
      <Filter>ソース ファイル</Filter>
    </ClCompile>
    <ClCompile Include="..\testcode\soyokaze\commands\common\ExpandFunctionsTest.cpp">
      <Filter>soyokaze\commands\common</Filter>
    </ClCompile>
    <ClCompile Include="..\testcode\soyokaze\commands\shellexecute\ShellExecCommandTest.cpp">
      <Filter>soyokaze\commands\shellexecute</Filter>
    </ClCompile>
    <ClCompile Include="..\testcode\soyokaze\SharedHwndTest.cpp">
      <Filter>soyokaze</Filter>
    </ClCompile>
    <ClCompile Include="..\testcode\soyokaze\StartupParamTest.cpp">
      <Filter>soyokaze\commands</Filter>
    </ClCompile>
    <ClCompile Include="..\testcode\soyokaze\CandidateListTest.cpp">
      <Filter>soyokaze</Filter>
    </ClCompile>
    <ClCompile Include="..\testcode\soyokaze\utility\SHA1Test.cpp">
      <Filter>soyokaze\utility</Filter>
    </ClCompile>
    <ClCompile Include="..\testcode\soyokaze\macros\core\TokenTest.cpp">
      <Filter>soyokaze\macros\core</Filter>
    </ClCompile>
    <ClCompile Include="..\testcode\soyokaze\hotkey\HotKeyAttributeTest.cpp">
      <Filter>soyokaze\hotkey</Filter>
    </ClCompile>
    <ClCompile Include="..\testcode\soyokaze\commands\align_window\AlignWindowCommandParamTest.cpp">
      <Filter>soyokaze\commands\align_window</Filter>
    </ClCompile>
    <ClCompile Include="..\testcode\soyokaze\hotkey\CommandHotKeyAttributeTest.cpp">
      <Filter>soyokaze\hotkey</Filter>
    </ClCompile>
    <ClCompile Include="..\testcode\soyokaze\utility\GlobalAllocMemoryTest.cpp">
      <Filter>soyokaze\utility</Filter>
    </ClCompile>
    <ClCompile Include="..\testcode\soyokaze\commands\decodestring\EscapedCharCommandTest.cpp">
      <Filter>soyokaze\commands\decodestring</Filter>
    </ClCompile>
    <ClCompile Include="..\testcode\soyokaze\utility\PathTest.cpp">
      <Filter>soyokaze\utility</Filter>
    </ClCompile>
    <ClCompile Include="..\testcode\soyokaze\matcher\CommandTokenTest.cpp">
      <Filter>soyokaze\matcher</Filter>
    </ClCompile>
    <ClCompile Include="..\testcode\soyokaze\utility\AESTest.cpp">
      <Filter>soyokaze\utility</Filter>
    </ClCompile>
    <ClCompile Include="..\testcode\soyokaze\app\AppProcessTest.cpp">
      <Filter>soyokaze\app</Filter>
    </ClCompile>
    <ClCompile Include="..\testcode\soyokaze\utility\RefPtrTest.cpp">
      <Filter>soyokaze\utility</Filter>
    </ClCompile>
    <ClCompile Include="..\testcode\soyokaze\app\CommandLineProcessorTest.cpp">
      <Filter>soyokaze\app</Filter>
    </ClCompile>
    <ClCompile Include="..\testcode\soyokaze\commands\watchpath\PathWatcherItemTest.cpp">
      <Filter>soyokaze\commands\watchpath</Filter>
    </ClCompile>
    <ClCompile Include="..\testcode\soyokaze\utility\CharConverterTest.cpp">
      <Filter>soyokaze\utility</Filter>
    </ClCompile>
    <ClCompile Include="..\testcode\soyokaze\utility\AppProfileTest.cpp">
      <Filter>soyokaze\utility</Filter>
    </ClCompile>
    <ClCompile Include="..\testcode\soyokaze\icon\IconLoaderTest.cpp">
      <Filter>soyokaze\icon</Filter>
    </ClCompile>
    <ClCompile Include="..\testcode\soyokaze\BreadCrumbsTest.cpp">
      <Filter>soyokaze\utility</Filter>
    </ClCompile>
    <ClCompile Include="..\testcode\soyokaze\icon\AppIconTest.cpp">
      <Filter>soyokaze\icon</Filter>
    </ClCompile>
    <ClCompile Include="..\testcode\soyokaze\commands\core\CommandQueryItemTest.cpp">
      <Filter>soyokaze\commands\core</Filter>
    </ClCompile>
    <ClCompile Include="..\testcode\soyokaze\commands\core\CommandQueryItemListTest.cpp">
      <Filter>soyokaze\commands\core</Filter>
    </ClCompile>
    <ClCompile Include="..\testcode\soyokaze\commands\core\CommandQueryDefaultResultTest.cpp">
      <Filter>soyokaze\commands\core</Filter>
    </ClCompile>
    <ClCompile Include="..\testcode\soyokaze\commands\validation\CommandParamErrorTest.cpp">
      <Filter>soyokaze\commands\validation</Filter>
    </ClCompile>
    <ClCompile Include="..\testcode\soyokaze\commands\activate_window\WindowActivateCommandParamTest.cpp">
      <Filter>soyokaze\commands\activate_window</Filter>
    </ClCompile>
    <ClCompile Include="..\testcode\soyokaze\StringWrapperTest.cpp">
      <Filter>soyokaze</Filter>
    </ClCompile>
    <ClCompile Include="..\testcode\soyokaze\utility\ManualResetTest.cpp">
      <Filter>soyokaze\utility</Filter>
    </ClCompile>
    <ClCompile Include="..\testcode\python_modules\key\VKScannerTest.cpp">
      <Filter>python_module\key</Filter>
    </ClCompile>
    <ClCompile Include="..\testcode\soyokaze\mainwindow\layout\MainWindowPositionTest.cpp">
      <Filter>soyokaze\mainwindow\layout</Filter>
    </ClCompile>
    <ClCompile Include="..\testcode\soyokaze\utility\StringUtilTest.cpp">
      <Filter>soyokaze\utility</Filter>
    </ClCompile>
  </ItemGroup>
  <ItemGroup>
    <ClInclude Include="resource.h">
      <Filter>ヘッダー ファイル</Filter>
    </ClInclude>
  </ItemGroup>
  <ItemGroup>
    <ResourceCompile Include="SoyokazeUnitTest.rc">
      <Filter>リソース ファイル</Filter>
    </ResourceCompile>
  </ItemGroup>
  <ItemGroup>
    <Image Include="icon1.ico">
      <Filter>リソース ファイル</Filter>
    </Image>
  </ItemGroup>
  <ItemGroup>
    <None Include="packages.config" />
  </ItemGroup>
</Project>