<?xml version="1.0" encoding="utf-8"?>
<Project ToolsVersion="4.0" xmlns="http://schemas.microsoft.com/developer/msbuild/2003">
  <ItemGroup>
    <Filter Include="ソース ファイル">
      <UniqueIdentifier>{4FC737F1-C7A5-4376-A066-2A32D752A2FF}</UniqueIdentifier>
      <Extensions>cpp;c;cc;cxx;def;odl;idl;hpj;bat;asm;asmx</Extensions>
    </Filter>
    <Filter Include="ヘッダー ファイル">
      <UniqueIdentifier>{93995380-89BD-4b04-88EB-625FBE52EBFB}</UniqueIdentifier>
      <Extensions>h;hh;hpp;hxx;hm;inl;inc;ipp;xsd</Extensions>
    </Filter>
    <Filter Include="リソース ファイル">
      <UniqueIdentifier>{67DA6AB6-F800-4c08-8B7A-83BB121AAD01}</UniqueIdentifier>
      <Extensions>rc;ico;cur;bmp;dlg;rc2;rct;bin;rgs;gif;jpg;jpeg;jpe;resx;tiff;tif;png;wav;mfcribbon-ms</Extensions>
    </Filter>
    <Filter Include="commands">
      <UniqueIdentifier>{d1b1a3c1-675d-483a-9228-5583b406f49f}</UniqueIdentifier>
    </Filter>
    <Filter Include="utility">
      <UniqueIdentifier>{b929759c-ac3e-431c-8e00-292b3dbf5119}</UniqueIdentifier>
    </Filter>
    <Filter Include="gui">
      <UniqueIdentifier>{87c70347-a3df-4acc-be69-799f58ac34f1}</UniqueIdentifier>
    </Filter>
    <Filter Include="core">
      <UniqueIdentifier>{d32d2dfa-ffaf-4137-9f65-a42504cb6cdd}</UniqueIdentifier>
    </Filter>
    <Filter Include="commands\shellexecute">
      <UniqueIdentifier>{b6de4d04-4dc2-46af-aa21-fa35db0ffc15}</UniqueIdentifier>
    </Filter>
    <Filter Include="commands\builtin">
      <UniqueIdentifier>{e4d76de7-2d37-4fc7-b06e-c9e317a4e398}</UniqueIdentifier>
    </Filter>
    <Filter Include="commands\pathfind">
      <UniqueIdentifier>{a23e7e1b-61db-4f55-89e3-ccc0b6590dcb}</UniqueIdentifier>
    </Filter>
    <Filter Include="commands\group">
      <UniqueIdentifier>{81f4aa39-12c6-479a-b890-e6970fd7919c}</UniqueIdentifier>
    </Filter>
    <Filter Include="commands\common">
      <UniqueIdentifier>{c85fc57e-50cc-4f8c-8842-c64d13e9df26}</UniqueIdentifier>
    </Filter>
    <Filter Include="commands\filter">
      <UniqueIdentifier>{7933974b-e180-4a4d-bc20-84c7f981992e}</UniqueIdentifier>
    </Filter>
    <Filter Include="commands\mailto">
      <UniqueIdentifier>{d4b52afc-e65b-4ee9-8542-d07d6f0f750a}</UniqueIdentifier>
    </Filter>
    <Filter Include="commands\regexp">
      <UniqueIdentifier>{084cd9a5-4f68-4642-b7bb-679c7495c4ea}</UniqueIdentifier>
    </Filter>
    <Filter Include="commands\history">
      <UniqueIdentifier>{950a9a87-7ec3-42a6-8064-e602df4978a7}</UniqueIdentifier>
    </Filter>
    <Filter Include="commands\calculator">
      <UniqueIdentifier>{2fbf06ef-bc8b-4f4e-9afa-050c791778af}</UniqueIdentifier>
    </Filter>
    <Filter Include="commands\bookmarks">
      <UniqueIdentifier>{4c65bc41-4606-44d6-a1af-f371b5f81325}</UniqueIdentifier>
    </Filter>
    <Filter Include="commands\activate_window">
      <UniqueIdentifier>{0ac1b988-6a43-45ba-b864-5ffa754935d6}</UniqueIdentifier>
    </Filter>
    <Filter Include="commands\controllpanel">
      <UniqueIdentifier>{18d63481-0ef5-40b7-bfbf-c6836f6277b5}</UniqueIdentifier>
    </Filter>
    <Filter Include="commands\env">
      <UniqueIdentifier>{6b091184-744b-4a48-b402-3715cfb1e6c8}</UniqueIdentifier>
    </Filter>
    <Filter Include="commands\color">
      <UniqueIdentifier>{5bd0bf79-de52-4609-bd3c-03256118a8d3}</UniqueIdentifier>
    </Filter>
    <Filter Include="commands\vmware">
      <UniqueIdentifier>{33f49eb7-459c-45ba-9416-93848aa2be04}</UniqueIdentifier>
    </Filter>
    <Filter Include="commands\websearch">
      <UniqueIdentifier>{1a72f536-bec9-4e63-9ebe-c81aff2d08be}</UniqueIdentifier>
    </Filter>
    <Filter Include="commands\specialfolderfiles">
      <UniqueIdentifier>{42bbfb15-e16b-4c9d-8184-662826a96899}</UniqueIdentifier>
    </Filter>
    <Filter Include="commands\uwp">
      <UniqueIdentifier>{c363a251-f52b-4690-8e0e-bfed0db7cd08}</UniqueIdentifier>
    </Filter>
    <Filter Include="commands\outlook">
      <UniqueIdentifier>{7dcc6232-f4d4-4547-87f2-e6e0c65c1d55}</UniqueIdentifier>
    </Filter>
    <Filter Include="commands\decodestring">
      <UniqueIdentifier>{bdfa4983-1c39-4ead-8acb-70825c844131}</UniqueIdentifier>
    </Filter>
    <Filter Include="commands\getip">
      <UniqueIdentifier>{5f53e1f6-5589-4607-8614-4518ab10497e}</UniqueIdentifier>
    </Filter>
    <Filter Include="commands\snippet">
      <UniqueIdentifier>{8dbb3a70-89ba-43d3-b4cc-98faf416f960}</UniqueIdentifier>
    </Filter>
    <Filter Include="commands\timespan">
      <UniqueIdentifier>{4f0e7da9-2870-403c-afab-c7d502a15d22}</UniqueIdentifier>
    </Filter>
    <Filter Include="commands\align_window">
      <UniqueIdentifier>{6134530a-48d6-45c8-88bf-a094eabbfe66}</UniqueIdentifier>
    </Filter>
    <Filter Include="commands\simple_dict">
      <UniqueIdentifier>{fe1b9bed-c65b-41b1-af44-68715b74c2fa}</UniqueIdentifier>
    </Filter>
    <Filter Include="commands\pathconvert">
      <UniqueIdentifier>{599cba8c-77d6-4632-b489-4276f1947bd5}</UniqueIdentifier>
    </Filter>
    <Filter Include="commands\unitconvert">
      <UniqueIdentifier>{284c33ba-8f10-451d-b44d-045dc401ea03}</UniqueIdentifier>
    </Filter>
    <Filter Include="commands\watchpath">
      <UniqueIdentifier>{f77af849-8b29-49a1-bd4c-d923e73442ed}</UniqueIdentifier>
    </Filter>
    <Filter Include="commands\presentation">
      <UniqueIdentifier>{8f298638-3ce8-424a-8a6c-d997ce6bd4a6}</UniqueIdentifier>
    </Filter>
  </ItemGroup>
  <ItemGroup>
    <ClInclude Include="Soyokaze.h">
      <Filter>ヘッダー ファイル</Filter>
    </ClInclude>
    <ClInclude Include="framework.h">
      <Filter>ヘッダー ファイル</Filter>
    </ClInclude>
    <ClInclude Include="targetver.h">
      <Filter>ヘッダー ファイル</Filter>
    </ClInclude>
    <ClInclude Include="Resource.h">
      <Filter>ヘッダー ファイル</Filter>
    </ClInclude>
    <ClInclude Include="pch.h">
      <Filter>ヘッダー ファイル</Filter>
    </ClInclude>
    <ClInclude Include="CommandMap.h">
      <Filter>ソース ファイル</Filter>
    </ClInclude>
    <ClInclude Include="AppPreference.h">
      <Filter>ヘッダー ファイル</Filter>
    </ClInclude>
    <ClInclude Include="ExecHistory.h">
      <Filter>ヘッダー ファイル</Filter>
    </ClInclude>
    <ClInclude Include="Pattern.h">
      <Filter>ヘッダー ファイル</Filter>
    </ClInclude>
    <ClInclude Include="PartialMatchPattern.h">
      <Filter>ヘッダー ファイル</Filter>
    </ClInclude>
    <ClInclude Include="Logger.h">
      <Filter>ヘッダー ファイル</Filter>
    </ClInclude>
    <ClInclude Include="Arguments.h">
      <Filter>ヘッダー ファイル</Filter>
    </ClInclude>
    <ClInclude Include="WholeMatchPattern.h">
      <Filter>ヘッダー ファイル</Filter>
    </ClInclude>
    <ClInclude Include="IconLoader.h">
      <Filter>ヘッダー ファイル</Filter>
    </ClInclude>
    <ClInclude Include="CommandFile.h">
      <Filter>ヘッダー ファイル</Filter>
    </ClInclude>
    <ClInclude Include="HotKeyAttribute.h">
      <Filter>ヘッダー ファイル</Filter>
    </ClInclude>
    <ClInclude Include="utility\ShortcutFile.h">
      <Filter>utility</Filter>
    </ClInclude>
    <ClInclude Include="gui/AboutDlg.h">
      <Filter>gui</Filter>
    </ClInclude>
    <ClInclude Include="utility/WindowPosition.h">
      <Filter>utility</Filter>
    </ClInclude>
    <ClInclude Include="utility/AppProfile.h">
      <Filter>utility</Filter>
    </ClInclude>
    <ClInclude Include="gui/CmdReceiveEdit.h">
      <Filter>gui</Filter>
    </ClInclude>
    <ClInclude Include="gui/SoyokazeDropTarget.h">
      <Filter>gui</Filter>
    </ClInclude>
    <ClInclude Include="gui/SoyokazeDlg.h">
      <Filter>gui</Filter>
    </ClInclude>
    <ClInclude Include="gui/FolderDialog.h">
      <Filter>gui</Filter>
    </ClInclude>
    <ClInclude Include="gui/HotKeyDialog.h">
      <Filter>gui</Filter>
    </ClInclude>
    <ClInclude Include="gui/IconLabel.h">
      <Filter>gui</Filter>
    </ClInclude>
    <ClInclude Include="gui/KeywordEdit.h">
      <Filter>gui</Filter>
    </ClInclude>
    <ClInclude Include="gui/KeywordManagerDialog.h">
      <Filter>gui</Filter>
    </ClInclude>
    <ClInclude Include="gui/SelectFilesDialog.h">
      <Filter>gui</Filter>
    </ClInclude>
    <ClInclude Include="gui/SettingDialog.h">
      <Filter>gui</Filter>
    </ClInclude>
    <ClInclude Include="gui/TaskTray.h">
      <Filter>gui</Filter>
    </ClInclude>
    <ClInclude Include="WindowTransparency.h">
      <Filter>utility</Filter>
    </ClInclude>
    <ClInclude Include="utility/IniFile.h">
      <Filter>utility</Filter>
    </ClInclude>
    <ClInclude Include="gui\BasicSettingDialog.h">
      <Filter>gui</Filter>
    </ClInclude>
    <ClInclude Include="gui\ShortcutSettingPage.h">
      <Filter>gui</Filter>
    </ClInclude>
    <ClInclude Include="gui\SettingPage.h">
      <Filter>gui</Filter>
    </ClInclude>
    <ClInclude Include="Settings.h">
      <Filter>ヘッダー ファイル</Filter>
    </ClInclude>
    <ClInclude Include="gui\CaptureIconLabel.h">
      <Filter>gui</Filter>
    </ClInclude>
    <ClInclude Include="utility\ProcessPath.h">
      <Filter>utility</Filter>
    </ClInclude>
    <ClInclude Include="utility\TopMostMask.h">
      <Filter>utility</Filter>
    </ClInclude>
    <ClInclude Include="StartupParam.h">
      <Filter>ヘッダー ファイル</Filter>
    </ClInclude>
    <ClInclude Include="core/CommandIF.h">
      <Filter>core</Filter>
    </ClInclude>
    <ClInclude Include="core\AppHotKey.h">
      <Filter>core</Filter>
    </ClInclude>
    <ClInclude Include="core\CommandHotKeyHandlerIF.h">
      <Filter>core</Filter>
    </ClInclude>
    <ClInclude Include="core\CommandHotKeyManager.h">
      <Filter>core</Filter>
    </ClInclude>
    <ClInclude Include="gui\CommandHotKeyDialog.h">
      <Filter>gui</Filter>
    </ClInclude>
    <ClInclude Include="NamedCommandHotKeyHandler.h">
      <Filter>ヘッダー ファイル</Filter>
    </ClInclude>
    <ClInclude Include="CommandHotKeyMappings.h">
      <Filter>ヘッダー ファイル</Filter>
    </ClInclude>
    <ClInclude Include="core\GlobalHotKey.h">
      <Filter>core</Filter>
    </ClInclude>
    <ClInclude Include="core/CommandParameter.h">
      <Filter>core</Filter>
    </ClInclude>
    <ClInclude Include="core/CommandRepository.h">
      <Filter>core</Filter>
    </ClInclude>
    <ClInclude Include="gui\SelectCommandTypeDialog.h">
      <Filter>commands</Filter>
    </ClInclude>
    <ClInclude Include="core\CommandQueryItem.h">
      <Filter>core</Filter>
    </ClInclude>
    <ClInclude Include="commands\shellexecute\ShellExecCommandProvider.h">
      <Filter>commands\shellexecute</Filter>
    </ClInclude>
    <ClInclude Include="commands\shellexecute\ShellExecCommand.h">
      <Filter>commands\shellexecute</Filter>
    </ClInclude>
    <ClInclude Include="commands\builtin\BuiltinCommandProvider.h">
      <Filter>ヘッダー ファイル</Filter>
    </ClInclude>
    <ClInclude Include="commands\builtin\EditCommand.h">
      <Filter>commands\builtin</Filter>
    </ClInclude>
    <ClInclude Include="commands\builtin\ExitCommand.h">
      <Filter>commands\builtin</Filter>
    </ClInclude>
    <ClInclude Include="commands\builtin\MainDirCommand.h">
      <Filter>commands\builtin</Filter>
    </ClInclude>
    <ClInclude Include="commands\builtin\ManagerCommand.h">
      <Filter>commands\builtin</Filter>
    </ClInclude>
    <ClInclude Include="commands\builtin\NewCommand.h">
      <Filter>commands\builtin</Filter>
    </ClInclude>
    <ClInclude Include="commands\builtin\ReloadCommand.h">
      <Filter>commands\builtin</Filter>
    </ClInclude>
    <ClInclude Include="commands\builtin\RegistWinCommand.h">
      <Filter>commands\builtin</Filter>
    </ClInclude>
    <ClInclude Include="commands\builtin\SettingCommand.h">
      <Filter>commands\builtin</Filter>
    </ClInclude>
    <ClInclude Include="commands\builtin\UserDirCommand.h">
      <Filter>commands\builtin</Filter>
    </ClInclude>
    <ClInclude Include="commands\builtin\VersionCommand.h">
      <Filter>commands\builtin</Filter>
    </ClInclude>
    <ClInclude Include="commands\pathfind\PathExeAdhocCommandProvider.h">
      <Filter>commands\pathfind</Filter>
    </ClInclude>
    <ClInclude Include="commands\pathfind\PathExecuteCommand.h">
      <Filter>commands\pathfind</Filter>
    </ClInclude>
    <ClInclude Include="commands\group\GroupCommand.h">
      <Filter>commands\group</Filter>
    </ClInclude>
    <ClInclude Include="commands\group\GroupCommandProvider.h">
      <Filter>commands\group</Filter>
    </ClInclude>
    <ClInclude Include="commands\group\GroupEditDialog.h">
      <Filter>commands\group</Filter>
    </ClInclude>
    <ClInclude Include="commands\group\CommandParam.h">
      <Filter>commands\group</Filter>
    </ClInclude>
    <ClInclude Include="gui\ModalComboBox.h">
      <Filter>gui</Filter>
    </ClInclude>
    <ClInclude Include="commands\common\ExpandFunctions.h">
      <Filter>commands\common</Filter>
    </ClInclude>
    <ClInclude Include="commands\filter\FilterCommand.h">
      <Filter>commands\filter</Filter>
    </ClInclude>
    <ClInclude Include="commands\filter\FilterCommandProvider.h">
      <Filter>commands\filter</Filter>
    </ClInclude>
    <ClInclude Include="utility\Pipe.h">
      <Filter>utility</Filter>
    </ClInclude>
    <ClInclude Include="commands\filter\FilterEditDialog.h">
      <Filter>commands\filter</Filter>
    </ClInclude>
    <ClInclude Include="commands\filter\FilterDialog.h">
      <Filter>commands\filter</Filter>
    </ClInclude>
    <ClInclude Include="commands\filter\FilterCommandParam.h">
      <Filter>commands\filter</Filter>
    </ClInclude>
    <ClInclude Include="commands\builtin\ChangeDirectoryCommand.h">
      <Filter>commands\builtin</Filter>
    </ClInclude>
    <ClInclude Include="commands\builtin\DeleteCommand.h">
      <Filter>commands\builtin</Filter>
    </ClInclude>
    <ClInclude Include="core\CommandRanking.h">
      <Filter>core</Filter>
    </ClInclude>
    <ClInclude Include="commands\mailto\MailToCommand.h">
      <Filter>commands\mailto</Filter>
    </ClInclude>
    <ClInclude Include="commands\mailto\MailToCommandProvider.h">
      <Filter>commands\mailto</Filter>
    </ClInclude>
    <ClInclude Include="utility\ScopeAttachThreadInput.h">
      <Filter>utility</Filter>
    </ClInclude>
    <ClInclude Include="commands\shellexecute\CommandEditDialog.h">
      <Filter>commands\shellexecute</Filter>
    </ClInclude>
    <ClInclude Include="gui\ExecSettingDialog.h">
      <Filter>gui</Filter>
    </ClInclude>
    <ClInclude Include="gui\InputSettingDialog.h">
      <Filter>gui</Filter>
    </ClInclude>
    <ClInclude Include="gui\ViewSettingDialog.h">
      <Filter>gui</Filter>
    </ClInclude>
    <ClInclude Include="commands\regexp\RegExpCommand.h">
      <Filter>commands\regexp</Filter>
    </ClInclude>
    <ClInclude Include="commands\regexp\RegExpCommandEditDialog.h">
      <Filter>commands\regexp</Filter>
    </ClInclude>
    <ClInclude Include="commands\regexp\RegExpCommandProvider.h">
      <Filter>commands\regexp</Filter>
    </ClInclude>
    <ClInclude Include="utility\LocalPathResolver.h">
      <Filter>utility</Filter>
    </ClInclude>
    <ClInclude Include="commands\common\ExecuteHistory.h">
      <Filter>commands\common</Filter>
    </ClInclude>
    <ClInclude Include="commands\history\HistoryCommand.h">
      <Filter>commands\history</Filter>
    </ClInclude>
    <ClInclude Include="commands\history\HistoryCommandProvider.h">
      <Filter>commands\history</Filter>
    </ClInclude>
    <ClInclude Include="gui\SettingDialogBase.h">
      <Filter>gui</Filter>
    </ClInclude>
    <ClInclude Include="commands\shellexecute\ShellExecCommandParam.h">
      <Filter>commands\shellexecute</Filter>
    </ClInclude>
    <ClInclude Include="commands\shellexecute\ShellExecSettingDialog.h">
      <Filter>commands\shellexecute</Filter>
    </ClInclude>
    <ClInclude Include="commands\shellexecute\ShellExecEditDetailPage.h">
      <Filter>commands\shellexecute</Filter>
    </ClInclude>
    <ClInclude Include="commands\shellexecute\ArgumentDialog.h">
      <Filter>commands\shellexecute</Filter>
    </ClInclude>
    <ClInclude Include="commands\common\AfxWWrapper.h">
      <Filter>commands\common</Filter>
    </ClInclude>
    <ClInclude Include="commands\calculator\Calculator.h">
      <Filter>commands\calculator</Filter>
    </ClInclude>
    <ClInclude Include="commands\calculator\CalculatorAdhocCommandProvider.h">
      <Filter>commands\calculator</Filter>
    </ClInclude>
    <ClInclude Include="commands\calculator\CalculatorCommand.h">
      <Filter>commands\calculator</Filter>
    </ClInclude>
    <ClInclude Include="gui\ExtensionSettingDialog.h">
      <Filter>gui</Filter>
    </ClInclude>
    <ClInclude Include="commands\bookmarks\BookmarkCommandProvider.h">
      <Filter>commands\bookmarks</Filter>
    </ClInclude>
    <ClInclude Include="commands\bookmarks\Bookmarks.h">
      <Filter>commands\bookmarks</Filter>
    </ClInclude>
    <ClInclude Include="commands\activate_window\ActivateWindowProvider.h">
      <Filter>commands\activate_window</Filter>
    </ClInclude>
    <ClInclude Include="commands\activate_window\ExcelWorkSheets.h">
      <Filter>commands\activate_window</Filter>
    </ClInclude>
    <ClInclude Include="commands\activate_window\WindowActivateCommand.h">
      <Filter>commands\activate_window</Filter>
    </ClInclude>
    <ClInclude Include="commands\activate_window\WorksheetCommand.h">
      <Filter>commands\activate_window</Filter>
    </ClInclude>
    <ClInclude Include="utility\CharConverter.h">
      <Filter>utility</Filter>
    </ClInclude>
    <ClInclude Include="Migemo.h">
      <Filter>ヘッダー ファイル</Filter>
    </ClInclude>
    <ClInclude Include="commands\controlpanel\ControllPanel.h">
      <Filter>commands\controllpanel</Filter>
    </ClInclude>
    <ClInclude Include="commands\controlpanel\ControlPanelCommand.h">
      <Filter>commands\controllpanel</Filter>
    </ClInclude>
    <ClInclude Include="commands\common\AdhocCommandProviderBase.h">
      <Filter>commands\common</Filter>
    </ClInclude>
    <ClInclude Include="commands\env\EnvCommand.h">
      <Filter>commands\env</Filter>
    </ClInclude>
    <ClInclude Include="commands\env\EnvCommandProvider.h">
      <Filter>commands\env</Filter>
    </ClInclude>
    <ClInclude Include="commands\color\ColorCommand.h">
      <Filter>commands\color</Filter>
    </ClInclude>
    <ClInclude Include="commands\color\ColorCommandProvider.h">
      <Filter>commands\color</Filter>
    </ClInclude>
    <ClInclude Include="commands\vmware\VMXFileCommand.h">
      <Filter>commands\vmware</Filter>
    </ClInclude>
    <ClInclude Include="commands\vmware\VMXFileCommandProvider.h">
      <Filter>commands\vmware</Filter>
    </ClInclude>
    <ClInclude Include="gui\CandidateListCtrl.h">
      <Filter>gui</Filter>
    </ClInclude>
    <ClInclude Include="CandidateList.h">
      <Filter>ヘッダー ファイル</Filter>
    </ClInclude>
    <ClInclude Include="CandidateListListenerIF.h">
      <Filter>ヘッダー ファイル</Filter>
    </ClInclude>
    <ClInclude Include="commands\common\AdhocCommandBase.h">
      <Filter>commands\common</Filter>
    </ClInclude>
    <ClInclude Include="BreadCrumbs.h">
      <Filter>ヘッダー ファイル</Filter>
    </ClInclude>
    <ClInclude Include="utility\Sound.h">
      <Filter>utility</Filter>
    </ClInclude>
    <ClInclude Include="gui\SoundSettingDialog.h">
      <Filter>gui</Filter>
    </ClInclude>
    <ClInclude Include="AppSound.h">
      <Filter>ヘッダー ファイル</Filter>
    </ClInclude>
    <ClInclude Include="commands\activate_window\WindowActivateAdhocCommand.h">
      <Filter>commands\activate_window</Filter>
    </ClInclude>
    <ClInclude Include="commands\activate_window\WindowActivateCommandParam.h">
      <Filter>commands\activate_window</Filter>
    </ClInclude>
    <ClInclude Include="commands\activate_window\WindowActivateSettingDialog.h">
      <Filter>commands\activate_window</Filter>
    </ClInclude>
    <ClInclude Include="commands\websearch\WebSearchCommand.h">
      <Filter>commands\websearch</Filter>
    </ClInclude>
    <ClInclude Include="commands\websearch\WebSearchCommandParam.h">
      <Filter>commands\websearch</Filter>
    </ClInclude>
    <ClInclude Include="commands\websearch\WebSearchProvider.h">
      <Filter>commands\websearch</Filter>
    </ClInclude>
    <ClInclude Include="commands\websearch\WebSearchSettingDialog.h">
      <Filter>commands\websearch</Filter>
    </ClInclude>
    <ClInclude Include="utility\RegistryKey.h">
      <Filter>utility</Filter>
    </ClInclude>
    <ClInclude Include="utility\LastErrorString.h">
      <Filter>utility</Filter>
    </ClInclude>
    <ClInclude Include="commands\common\Clipboard.h">
      <Filter>commands\common</Filter>
    </ClInclude>
    <ClInclude Include="commands\activate_window\AutoWrap.h">
      <Filter>commands\activate_window</Filter>
    </ClInclude>
    <ClInclude Include="commands\activate_window\CalcWorkSheets.h">
      <Filter>commands\activate_window</Filter>
    </ClInclude>
    <ClInclude Include="commands\activate_window\CalcWorksheetCommand.h">
      <Filter>commands\activate_window</Filter>
    </ClInclude>
    <ClInclude Include="commands\color\HSL.h">
      <Filter>commands\color</Filter>
    </ClInclude>
    <ClInclude Include="commands\specialfolderfiles\SpecialFolderFileCommand.h">
      <Filter>commands\specialfolderfiles</Filter>
    </ClInclude>
    <ClInclude Include="commands\specialfolderfiles\SpecialFolderFiles.h">
      <Filter>commands\specialfolderfiles</Filter>
    </ClInclude>
    <ClInclude Include="commands\specialfolderfiles\SpecialFolderFilesCommandProvider.h">
      <Filter>commands\specialfolderfiles</Filter>
    </ClInclude>
    <ClInclude Include="commands\uwp\UWPApplicationItem.h">
      <Filter>commands\uwp</Filter>
    </ClInclude>
    <ClInclude Include="commands\uwp\UWPApplications.h">
      <Filter>commands\uwp</Filter>
    </ClInclude>
    <ClInclude Include="commands\uwp\UWPCommand.h">
      <Filter>commands\uwp</Filter>
    </ClInclude>
    <ClInclude Include="commands\uwp\UWPCommandProvider.h">
      <Filter>commands\uwp</Filter>
    </ClInclude>
    <ClInclude Include="utility\Accessibility.h">
      <Filter>utility</Filter>
    </ClInclude>
    <ClInclude Include="commands\common\SubProcess.h">
      <Filter>commands\common</Filter>
    </ClInclude>
    <ClInclude Include="commands\outlook\MailCommand.h">
      <Filter>commands\outlook</Filter>
    </ClInclude>
    <ClInclude Include="commands\outlook\OutlookItemProvider.h">
      <Filter>commands\outlook</Filter>
    </ClInclude>
    <ClInclude Include="commands\outlook\OutlookItems.h">
      <Filter>commands\outlook</Filter>
    </ClInclude>
    <ClInclude Include="commands\decodestring\DecodeStringCommandProvider.h">
      <Filter>commands\decodestring</Filter>
    </ClInclude>
    <ClInclude Include="commands\decodestring\DecodeUriCommand.h">
      <Filter>commands\decodestring</Filter>
    </ClInclude>
    <ClInclude Include="commands\decodestring\EscapedCharCommand.h">
      <Filter>commands\decodestring</Filter>
    </ClInclude>
    <ClInclude Include="commands\builtin\BuiltinCommandBase.h">
      <Filter>commands\builtin</Filter>
    </ClInclude>
    <ClInclude Include="commands\getip\GetIPCommandProvider.h">
      <Filter>commands\getip</Filter>
    </ClInclude>
    <ClInclude Include="commands\getip\GetIPCommand.h">
      <Filter>commands\getip</Filter>
    </ClInclude>
    <ClInclude Include="commands\snippet\SnippetCommand.h">
      <Filter>commands\snippet</Filter>
    </ClInclude>
    <ClInclude Include="commands\snippet\SnippetCommandEditDialog.h">
      <Filter>commands\snippet</Filter>
    </ClInclude>
    <ClInclude Include="commands\snippet\SnippetCommandProvider.h">
      <Filter>commands\snippet</Filter>
    </ClInclude>
    <ClInclude Include="commands\snippet\RegisterSnippetCommand.h">
      <Filter>commands\snippet</Filter>
    </ClInclude>
    <ClInclude Include="commands\common\Message.h">
      <Filter>commands\common</Filter>
    </ClInclude>
    <ClInclude Include="commands\timespan\TimespanCommand.h">
      <Filter>commands\timespan</Filter>
    </ClInclude>
    <ClInclude Include="commands\timespan\TimespanCommandProvider.h">
      <Filter>commands\timespan</Filter>
    </ClInclude>
    <ClInclude Include="utility\PythonDLL.h">
      <Filter>utility</Filter>
    </ClInclude>
    <ClInclude Include="commands\align_window\AlignWindowCommand.h">
      <Filter>commands\align_window</Filter>
    </ClInclude>
    <ClInclude Include="commands\align_window\AlignWindowCommandParam.h">
      <Filter>commands\align_window</Filter>
    </ClInclude>
    <ClInclude Include="commands\align_window\AlignWindowItemSettingDialog.h">
      <Filter>commands\align_window</Filter>
    </ClInclude>
    <ClInclude Include="commands\align_window\AlignWindowSettingDialog.h">
      <Filter>commands\align_window</Filter>
    </ClInclude>
    <ClInclude Include="commands\align_window\AlignWindowProvider.h">
      <Filter>commands\align_window</Filter>
    </ClInclude>
    <ClInclude Include="commands\pathconvert\GitBashToLocalPathAdhocCommand.h">
      <Filter>commands\pathconvert</Filter>
    </ClInclude>
    <ClInclude Include="commands\pathconvert\LocalToGitBashPathAdhocCommand.h">
      <Filter>commands\pathconvert</Filter>
    </ClInclude>
    <ClInclude Include="commands\pathconvert\PathConvertProvider.h">
      <Filter>commands\pathconvert</Filter>
    </ClInclude>
    <ClInclude Include="commands\pathconvert\FileProtocolConvertAdhocCommand.h">
      <Filter>commands\pathconvert</Filter>
    </ClInclude>
    <ClInclude Include="utility\SHA1.h">
      <Filter>utility</Filter>
    </ClInclude>
    <ClInclude Include="commands\pathconvert\P4PathConvertAdhocCommand.h">
      <Filter>commands\pathconvert</Filter>
    </ClInclude>
    <ClInclude Include="commands\pathconvert\P4AppSettings.h">
      <Filter>commands\pathconvert</Filter>
    </ClInclude>
    <ClInclude Include="gui\AppSettingPathPage.h">
      <Filter>gui</Filter>
    </ClInclude>
    <ClInclude Include="commands\bookmarks\AppSettingBookmarkPage.h">
      <Filter>commands\bookmarks</Filter>
    </ClInclude>
    <ClInclude Include="commands\pathconvert\AppSettingPathConvertPage.h">
      <Filter>commands\pathconvert</Filter>
    </ClInclude>
    <ClInclude Include="utility\SQLite3Wrapper.h">
      <Filter>utility</Filter>
    </ClInclude>
    <ClInclude Include="utility\SQLite3Database.h">
      <Filter>utility</Filter>
    </ClInclude>
    <ClInclude Include="commands\bookmarks\ChromiumBrowseHistory.h">
      <Filter>commands\bookmarks</Filter>
    </ClInclude>
    <ClInclude Include="commands\bookmarks\URLCommand.h">
      <Filter>commands\bookmarks</Filter>
    </ClInclude>
    <ClInclude Include="commands\simple_dict\ExcelWrapper.h">
      <Filter>commands\simple_dict</Filter>
    </ClInclude>
    <ClInclude Include="commands\simple_dict\SimpleDictCommand.h">
      <Filter>commands\simple_dict</Filter>
    </ClInclude>
    <ClInclude Include="commands\simple_dict\SimpleDictEditDialog.h">
      <Filter>commands\simple_dict</Filter>
    </ClInclude>
    <ClInclude Include="commands\simple_dict\SimpleDictParam.h">
      <Filter>commands\simple_dict</Filter>
    </ClInclude>
    <ClInclude Include="commands\simple_dict\SimpleDictProvider.h">
      <Filter>commands\simple_dict</Filter>
    </ClInclude>
    <ClInclude Include="commands\simple_dict\SimpleDictCommandUpdateListenerIF.h">
      <Filter>commands\simple_dict</Filter>
    </ClInclude>
    <ClInclude Include="commands\simple_dict\SimpleDictDatabase.h">
      <Filter>commands\simple_dict</Filter>
    </ClInclude>
    <ClInclude Include="commands\simple_dict\SimpleDictAdhocCommand.h">
      <Filter>commands\simple_dict</Filter>
    </ClInclude>
    <ClInclude Include="commands\unitconvert\InchAdhocCommand.h">
      <Filter>commands\unitconvert</Filter>
    </ClInclude>
    <ClInclude Include="commands\unitconvert\UnitConvertProvider.h">
      <Filter>commands\unitconvert</Filter>
    </ClInclude>
    <ClInclude Include="commands\builtin\EmptyRecycleBinCommand.h">
      <Filter>commands\builtin</Filter>
    </ClInclude>
    <ClInclude Include="commands\builtin\LogOffCommand.h">
      <Filter>commands\builtin</Filter>
    </ClInclude>
    <ClInclude Include="commands\builtin\ShutdownCommand.h">
      <Filter>commands\builtin</Filter>
    </ClInclude>
    <ClInclude Include="commands\builtin\RebootCommand.h">
      <Filter>commands\builtin</Filter>
    </ClInclude>
    <ClInclude Include="commands\builtin\LockScreenCommand.h">
      <Filter>commands\builtin</Filter>
    </ClInclude>
    <ClInclude Include="commands\builtin\StandbyCommand.h">
      <Filter>commands\builtin</Filter>
    </ClInclude>
    <ClInclude Include="commands\builtin\SuspendCommand.h">
      <Filter>commands\builtin</Filter>
    </ClInclude>
    <ClInclude Include="commands\watchpath\PathWatcher.h">
      <Filter>commands\watchpath</Filter>
    </ClInclude>
    <ClInclude Include="commands\watchpath\WatchPathCommand.h">
      <Filter>commands\watchpath</Filter>
    </ClInclude>
    <ClInclude Include="commands\watchpath\WatchPathCommandEditDialog.h">
      <Filter>commands\watchpath</Filter>
    </ClInclude>
    <ClInclude Include="commands\watchpath\WatchPathCommandProvider.h">
      <Filter>commands\watchpath</Filter>
    </ClInclude>
    <ClInclude Include="commands\presentation\PresentationProvider.h">
      <Filter>commands\presentation</Filter>
    </ClInclude>
    <ClInclude Include="commands\presentation\Presentations.h">
      <Filter>commands\presentation</Filter>
    </ClInclude>
    <ClInclude Include="commands\presentation\PptJumpCommand.h">
      <Filter>commands\presentation</Filter>
    </ClInclude>
    <ClInclude Include="commands\presentation\PowerPointWindow.h">
      <Filter>commands\presentation</Filter>
    </ClInclude>
    <ClInclude Include="commands\builtin\AfxChangeDirectoryCommand.h">
      <Filter>commands\builtin</Filter>
    </ClInclude>
    <ClInclude Include="commands\filter\FilterExecutor.h">
      <Filter>commands\filter</Filter>
    </ClInclude>
  </ItemGroup>
  <ItemGroup>
    <ClCompile Include="Soyokaze.cpp">
      <Filter>ソース ファイル</Filter>
    </ClCompile>
    <ClCompile Include="pch.cpp">
      <Filter>ソース ファイル</Filter>
    </ClCompile>
    <ClCompile Include="CommandMap.cpp">
      <Filter>ソース ファイル</Filter>
    </ClCompile>
    <ClCompile Include="AppPreference.cpp">
      <Filter>ソース ファイル</Filter>
    </ClCompile>
    <ClCompile Include="ExecHistory.cpp">
      <Filter>ソース ファイル</Filter>
    </ClCompile>
    <ClCompile Include="PartialMatchPattern.cpp">
      <Filter>ソース ファイル</Filter>
    </ClCompile>
    <ClCompile Include="WindowTransparency.cpp">
      <Filter>ソース ファイル</Filter>
    </ClCompile>
    <ClCompile Include="Logger.cpp">
      <Filter>ソース ファイル</Filter>
    </ClCompile>
    <ClCompile Include="Arguments.cpp">
      <Filter>ソース ファイル</Filter>
    </ClCompile>
    <ClCompile Include="WholeMatchPattern.cpp">
      <Filter>ソース ファイル</Filter>
    </ClCompile>
    <ClCompile Include="Pattern.cpp">
      <Filter>ソース ファイル</Filter>
    </ClCompile>
    <ClCompile Include="IconLoader.cpp">
      <Filter>ソース ファイル</Filter>
    </ClCompile>
    <ClCompile Include="CommandFile.cpp">
      <Filter>ソース ファイル</Filter>
    </ClCompile>
    <ClCompile Include="HotKeyAttribute.cpp">
      <Filter>ソース ファイル</Filter>
    </ClCompile>
    <ClCompile Include="utility\ShortcutFile.cpp">
      <Filter>utility</Filter>
    </ClCompile>
    <ClCompile Include="gui/AboutDlg.cpp">
      <Filter>gui</Filter>
    </ClCompile>
    <ClCompile Include="gui/SoyokazeDlg.cpp">
      <Filter>gui</Filter>
    </ClCompile>
    <ClCompile Include="gui/CmdReceiveEdit.cpp">
      <Filter>gui</Filter>
    </ClCompile>
    <ClCompile Include="gui/SoyokazeDropTarget.cpp">
      <Filter>gui</Filter>
    </ClCompile>
    <ClCompile Include="gui/FolderDialog.cpp">
      <Filter>gui</Filter>
    </ClCompile>
    <ClCompile Include="gui/HotKeyDialog.cpp">
      <Filter>gui</Filter>
    </ClCompile>
    <ClCompile Include="gui/SelectFilesDialog.cpp">
      <Filter>gui</Filter>
    </ClCompile>
    <ClCompile Include="gui/SettingDialog.cpp">
      <Filter>gui</Filter>
    </ClCompile>
    <ClCompile Include="gui/TaskTray.cpp">
      <Filter>gui</Filter>
    </ClCompile>
    <ClCompile Include="utility/AppProfile.cpp">
      <Filter>utility</Filter>
    </ClCompile>
    <ClCompile Include="gui/IconLabel.cpp">
      <Filter>gui</Filter>
    </ClCompile>
    <ClCompile Include="utility/IniFile.cpp">
      <Filter>utility</Filter>
    </ClCompile>
    <ClCompile Include="utility/WindowPosition.cpp">
      <Filter>utility</Filter>
    </ClCompile>
    <ClCompile Include="gui/KeywordEdit.cpp">
      <Filter>gui</Filter>
    </ClCompile>
    <ClCompile Include="gui/KeywordManagerDialog.cpp">
      <Filter>gui</Filter>
    </ClCompile>
    <ClCompile Include="gui\BasicSettingDialog.cpp">
      <Filter>gui</Filter>
    </ClCompile>
    <ClCompile Include="gui\ShortcutSettingPage.cpp">
      <Filter>gui</Filter>
    </ClCompile>
    <ClCompile Include="gui\SettingPage.cpp">
      <Filter>gui</Filter>
    </ClCompile>
    <ClCompile Include="Settings.cpp">
      <Filter>ソース ファイル</Filter>
    </ClCompile>
    <ClCompile Include="gui\CaptureIconLabel.cpp">
      <Filter>gui</Filter>
    </ClCompile>
    <ClCompile Include="utility\ProcessPath.cpp">
      <Filter>utility</Filter>
    </ClCompile>
    <ClCompile Include="StartupParam.cpp">
      <Filter>ソース ファイル</Filter>
    </ClCompile>
    <ClCompile Include="core\AppHotKey.cpp">
      <Filter>core</Filter>
    </ClCompile>
    <ClCompile Include="core\CommandHotKeyManager.cpp">
      <Filter>core</Filter>
    </ClCompile>
    <ClCompile Include="gui\CommandHotKeyDialog.cpp">
      <Filter>gui</Filter>
    </ClCompile>
    <ClCompile Include="NamedCommandHotKeyHandler.cpp">
      <Filter>ソース ファイル</Filter>
    </ClCompile>
    <ClCompile Include="CommandHotKeyMappings.cpp">
      <Filter>ソース ファイル</Filter>
    </ClCompile>
    <ClCompile Include="core\GlobalHotKey.cpp">
      <Filter>core</Filter>
    </ClCompile>
    <ClCompile Include="core/CommandParameter.cpp">
      <Filter>core</Filter>
    </ClCompile>
    <ClCompile Include="core/CommandRepository.cpp">
      <Filter>core</Filter>
    </ClCompile>
    <ClCompile Include="gui\SelectCommandTypeDialog.cpp">
      <Filter>commands</Filter>
    </ClCompile>
    <ClCompile Include="core\CommandQueryItem.cpp">
      <Filter>core</Filter>
    </ClCompile>
    <ClCompile Include="commands\shellexecute\ShellExecCommand.cpp">
      <Filter>commands\shellexecute</Filter>
    </ClCompile>
    <ClCompile Include="commands\shellexecute\ShellExecCommandProvider.cpp">
      <Filter>commands\shellexecute</Filter>
    </ClCompile>
    <ClCompile Include="commands\builtin\EditCommand.cpp">
      <Filter>commands\builtin</Filter>
    </ClCompile>
    <ClCompile Include="commands\builtin\ExitCommand.cpp">
      <Filter>commands\builtin</Filter>
    </ClCompile>
    <ClCompile Include="commands\builtin\MainDirCommand.cpp">
      <Filter>commands\builtin</Filter>
    </ClCompile>
    <ClCompile Include="commands\builtin\ManagerCommand.cpp">
      <Filter>commands\builtin</Filter>
    </ClCompile>
    <ClCompile Include="commands\builtin\NewCommand.cpp">
      <Filter>commands\builtin</Filter>
    </ClCompile>
    <ClCompile Include="commands\builtin\BuiltinCommandProvider.cpp">
      <Filter>commands\builtin</Filter>
    </ClCompile>
    <ClCompile Include="commands\builtin\RegistWinCommand.cpp">
      <Filter>commands\builtin</Filter>
    </ClCompile>
    <ClCompile Include="commands\builtin\ReloadCommand.cpp">
      <Filter>commands\builtin</Filter>
    </ClCompile>
    <ClCompile Include="commands\builtin\SettingCommand.cpp">
      <Filter>commands\builtin</Filter>
    </ClCompile>
    <ClCompile Include="commands\builtin\UserDirCommand.cpp">
      <Filter>commands\builtin</Filter>
    </ClCompile>
    <ClCompile Include="commands\builtin\VersionCommand.cpp">
      <Filter>commands\builtin</Filter>
    </ClCompile>
    <ClCompile Include="commands\pathfind\PathExeAdhocCommandProvider.cpp">
      <Filter>commands\pathfind</Filter>
    </ClCompile>
    <ClCompile Include="commands\pathfind\PathExecuteCommand.cpp">
      <Filter>commands\pathfind</Filter>
    </ClCompile>
    <ClCompile Include="commands\group\GroupCommand.cpp">
      <Filter>commands\group</Filter>
    </ClCompile>
    <ClCompile Include="commands\group\GroupCommandProvider.cpp">
      <Filter>commands\group</Filter>
    </ClCompile>
    <ClCompile Include="commands\group\GroupEditDialog.cpp">
      <Filter>commands\group</Filter>
    </ClCompile>
    <ClCompile Include="commands\group\CommandParam.cpp">
      <Filter>commands\group</Filter>
    </ClCompile>
    <ClCompile Include="gui\ModalComboBox.cpp">
      <Filter>gui</Filter>
    </ClCompile>
    <ClCompile Include="commands\common\ExpandFunctions.cpp">
      <Filter>commands\common</Filter>
    </ClCompile>
    <ClCompile Include="commands\filter\FilterCommand.cpp">
      <Filter>commands\filter</Filter>
    </ClCompile>
    <ClCompile Include="commands\filter\FilterCommandProvider.cpp">
      <Filter>commands\filter</Filter>
    </ClCompile>
    <ClCompile Include="utility\Pipe.cpp">
      <Filter>utility</Filter>
    </ClCompile>
    <ClCompile Include="commands\filter\FilterEditDialog.cpp">
      <Filter>commands\filter</Filter>
    </ClCompile>
    <ClCompile Include="commands\filter\FilterDialog.cpp">
      <Filter>commands\filter</Filter>
    </ClCompile>
    <ClCompile Include="commands\filter\FilterCommandParam.cpp">
      <Filter>commands\filter</Filter>
    </ClCompile>
    <ClCompile Include="commands\builtin\ChangeDirectoryCommand.cpp">
      <Filter>commands\builtin</Filter>
    </ClCompile>
    <ClCompile Include="commands\builtin\DeleteCommand.cpp">
      <Filter>commands\builtin</Filter>
    </ClCompile>
    <ClCompile Include="core\CommandRanking.cpp">
      <Filter>core</Filter>
    </ClCompile>
    <ClCompile Include="commands\mailto\MailToCommand.cpp">
      <Filter>commands\mailto</Filter>
    </ClCompile>
    <ClCompile Include="commands\mailto\MailToCommandProvider.cpp">
      <Filter>commands\mailto</Filter>
    </ClCompile>
    <ClCompile Include="commands\shellexecute\CommandEditDialog.cpp">
      <Filter>commands\shellexecute</Filter>
    </ClCompile>
    <ClCompile Include="gui\ExecSettingDialog.cpp">
      <Filter>gui</Filter>
    </ClCompile>
    <ClCompile Include="gui\InputSettingDialog.cpp">
      <Filter>gui</Filter>
    </ClCompile>
    <ClCompile Include="gui\ViewSettingDialog.cpp">
      <Filter>gui</Filter>
    </ClCompile>
    <ClCompile Include="commands\regexp\RegExpCommand.cpp">
      <Filter>commands\regexp</Filter>
    </ClCompile>
    <ClCompile Include="commands\regexp\RegExpCommandEditDialog.cpp">
      <Filter>commands\regexp</Filter>
    </ClCompile>
    <ClCompile Include="commands\regexp\RegExpCommandProvider.cpp">
      <Filter>commands\regexp</Filter>
    </ClCompile>
    <ClCompile Include="utility\LocalPathResolver.cpp">
      <Filter>utility</Filter>
    </ClCompile>
    <ClCompile Include="commands\common\ExecuteHistory.cpp">
      <Filter>commands\common</Filter>
    </ClCompile>
    <ClCompile Include="commands\history\HistoryCommand.cpp">
      <Filter>commands\history</Filter>
    </ClCompile>
    <ClCompile Include="commands\history\HistoryCommandProvider.cpp">
      <Filter>commands\history</Filter>
    </ClCompile>
    <ClCompile Include="gui\SettingDialogBase.cpp">
      <Filter>gui</Filter>
    </ClCompile>
    <ClCompile Include="commands\shellexecute\ShellExecCommandParam.cpp">
      <Filter>commands\shellexecute</Filter>
    </ClCompile>
    <ClCompile Include="commands\shellexecute\ShellExecSettingDialog.cpp">
      <Filter>commands\shellexecute</Filter>
    </ClCompile>
    <ClCompile Include="commands\shellexecute\ShellExecEditDetailPage.cpp">
      <Filter>commands\shellexecute</Filter>
    </ClCompile>
    <ClCompile Include="commands\shellexecute\ArgumentDialog.cpp">
      <Filter>commands\shellexecute</Filter>
    </ClCompile>
    <ClCompile Include="commands\common\AfxWWrapper.cpp">
      <Filter>commands\common</Filter>
    </ClCompile>
    <ClCompile Include="commands\calculator\Calculator.cpp">
      <Filter>commands\calculator</Filter>
    </ClCompile>
    <ClCompile Include="commands\calculator\CalculatorAdhocCommandProvider.cpp">
      <Filter>commands\calculator</Filter>
    </ClCompile>
    <ClCompile Include="commands\calculator\CalculatorCommand.cpp">
      <Filter>commands\calculator</Filter>
    </ClCompile>
    <ClCompile Include="gui\ExtensionSettingDialog.cpp">
      <Filter>gui</Filter>
    </ClCompile>
    <ClCompile Include="commands\bookmarks\BookmarkCommandProvider.cpp">
      <Filter>commands\bookmarks</Filter>
    </ClCompile>
    <ClCompile Include="commands\bookmarks\Bookmarks.cpp">
      <Filter>commands\bookmarks</Filter>
    </ClCompile>
    <ClCompile Include="commands\activate_window\ActivateWindowProvider.cpp">
      <Filter>commands\activate_window</Filter>
    </ClCompile>
    <ClCompile Include="commands\activate_window\ExcelWorkSheets.cpp">
      <Filter>commands\activate_window</Filter>
    </ClCompile>
    <ClCompile Include="commands\activate_window\WindowActivateCommand.cpp">
      <Filter>commands\activate_window</Filter>
    </ClCompile>
    <ClCompile Include="commands\activate_window\WorksheetCommand.cpp">
      <Filter>commands\activate_window</Filter>
    </ClCompile>
    <ClCompile Include="utility\CharConverter.cpp">
      <Filter>utility</Filter>
    </ClCompile>
    <ClCompile Include="Migemo.cpp">
      <Filter>ソース ファイル</Filter>
    </ClCompile>
    <ClCompile Include="commands\controlpanel\ControllPanel.cpp">
      <Filter>commands\controllpanel</Filter>
    </ClCompile>
    <ClCompile Include="commands\controlpanel\ControlPanelCommand.cpp">
      <Filter>commands\controllpanel</Filter>
    </ClCompile>
    <ClCompile Include="commands\common\AdhocCommandProviderBase.cpp">
      <Filter>commands\common</Filter>
    </ClCompile>
    <ClCompile Include="commands\env\EnvCommand.cpp">
      <Filter>commands\env</Filter>
    </ClCompile>
    <ClCompile Include="commands\env\EnvCommandProvider.cpp">
      <Filter>commands\env</Filter>
    </ClCompile>
    <ClCompile Include="commands\color\ColorCommand.cpp">
      <Filter>commands\color</Filter>
    </ClCompile>
    <ClCompile Include="commands\color\ColorCommandProvider.cpp">
      <Filter>commands\color</Filter>
    </ClCompile>
    <ClCompile Include="commands\vmware\VMXFileCommand.cpp">
      <Filter>commands\vmware</Filter>
    </ClCompile>
    <ClCompile Include="commands\vmware\VMXFileCommandProvider.cpp">
      <Filter>commands\vmware</Filter>
    </ClCompile>
    <ClCompile Include="gui\CandidateListCtrl.cpp">
      <Filter>gui</Filter>
    </ClCompile>
    <ClCompile Include="CandidateList.cpp">
      <Filter>ソース ファイル</Filter>
    </ClCompile>
    <ClCompile Include="commands\common\AdhocCommandBase.cpp">
      <Filter>commands\common</Filter>
    </ClCompile>
    <ClCompile Include="BreadCrumbs.cpp">
      <Filter>ソース ファイル</Filter>
    </ClCompile>
    <ClCompile Include="utility\Sound.cpp">
      <Filter>utility</Filter>
    </ClCompile>
    <ClCompile Include="gui\SoundSettingDialog.cpp">
      <Filter>gui</Filter>
    </ClCompile>
    <ClCompile Include="AppSound.cpp">
      <Filter>ソース ファイル</Filter>
    </ClCompile>
    <ClCompile Include="commands\activate_window\WindowActivateAdhocCommand.cpp">
      <Filter>commands\activate_window</Filter>
    </ClCompile>
    <ClCompile Include="commands\activate_window\WindowActivateCommandParam.cpp">
      <Filter>commands\activate_window</Filter>
    </ClCompile>
    <ClCompile Include="commands\activate_window\WindowActivateSettingDialog.cpp">
      <Filter>commands\activate_window</Filter>
    </ClCompile>
    <ClCompile Include="commands\websearch\WebSearchCommand.cpp">
      <Filter>commands\websearch</Filter>
    </ClCompile>
    <ClCompile Include="commands\websearch\WebSearchCommandParam.cpp">
      <Filter>commands\websearch</Filter>
    </ClCompile>
    <ClCompile Include="commands\websearch\WebSearchProvider.cpp">
      <Filter>commands\websearch</Filter>
    </ClCompile>
    <ClCompile Include="commands\websearch\WebSearchSettingDialog.cpp">
      <Filter>commands\websearch</Filter>
    </ClCompile>
    <ClCompile Include="utility\RegistryKey.cpp">
      <Filter>utility</Filter>
    </ClCompile>
    <ClCompile Include="commands\common\Clipboard.cpp">
      <Filter>commands\common</Filter>
    </ClCompile>
    <ClCompile Include="commands\activate_window\AutoWrap.cpp">
      <Filter>commands\activate_window</Filter>
    </ClCompile>
    <ClCompile Include="commands\activate_window\CalcWorkSheets.cpp">
      <Filter>commands\activate_window</Filter>
    </ClCompile>
    <ClCompile Include="commands\activate_window\CalcWorksheetCommand.cpp">
      <Filter>commands\activate_window</Filter>
    </ClCompile>
    <ClCompile Include="commands\color\HSL.cpp">
      <Filter>commands\color</Filter>
    </ClCompile>
    <ClCompile Include="commands\specialfolderfiles\SpecialFolderFileCommand.cpp">
      <Filter>commands\specialfolderfiles</Filter>
    </ClCompile>
    <ClCompile Include="commands\specialfolderfiles\SpecialFolderFiles.cpp">
      <Filter>commands\specialfolderfiles</Filter>
    </ClCompile>
    <ClCompile Include="commands\specialfolderfiles\SpecialFolderFilesCommandProvider.cpp">
      <Filter>commands\specialfolderfiles</Filter>
    </ClCompile>
    <ClCompile Include="commands\uwp\UWPApplications.cpp">
      <Filter>commands\uwp</Filter>
    </ClCompile>
    <ClCompile Include="commands\uwp\UWPCommand.cpp">
      <Filter>commands\uwp</Filter>
    </ClCompile>
    <ClCompile Include="commands\uwp\UWPCommandProvider.cpp">
      <Filter>commands\uwp</Filter>
    </ClCompile>
    <ClCompile Include="utility\Accessibility.cpp">
      <Filter>utility</Filter>
    </ClCompile>
    <ClCompile Include="commands\specialfolderfiles\SpecialFolderFile.cpp">
      <Filter>commands\specialfolderfiles</Filter>
    </ClCompile>
    <ClCompile Include="commands\common\SubProcess.cpp">
      <Filter>commands\common</Filter>
    </ClCompile>
    <ClCompile Include="commands\outlook\MailCommand.cpp">
      <Filter>commands\outlook</Filter>
    </ClCompile>
    <ClCompile Include="commands\outlook\OutlookItemProvider.cpp">
      <Filter>commands\outlook</Filter>
    </ClCompile>
    <ClCompile Include="commands\outlook\OutlookItems.cpp">
      <Filter>commands\outlook</Filter>
    </ClCompile>
    <ClCompile Include="commands\decodestring\DecodeStringCommandProvider.cpp">
      <Filter>commands\decodestring</Filter>
    </ClCompile>
    <ClCompile Include="commands\decodestring\DecodeUriCommand.cpp">
      <Filter>commands\decodestring</Filter>
    </ClCompile>
    <ClCompile Include="commands\decodestring\EscapedCharCommand.cpp">
      <Filter>commands\decodestring</Filter>
    </ClCompile>
    <ClCompile Include="commands\builtin\BuiltinCommandBase.cpp">
      <Filter>commands\builtin</Filter>
    </ClCompile>
    <ClCompile Include="commands\getip\GetIPCommandProvider.cpp">
      <Filter>commands\getip</Filter>
    </ClCompile>
    <ClCompile Include="commands\getip\GetIPCommand.cpp">
      <Filter>commands\getip</Filter>
    </ClCompile>
    <ClCompile Include="commands\snippet\SnippetCommand.cpp">
      <Filter>commands\snippet</Filter>
    </ClCompile>
    <ClCompile Include="commands\snippet\SnippetCommandEditDialog.cpp">
      <Filter>commands\snippet</Filter>
    </ClCompile>
    <ClCompile Include="commands\snippet\SnippetCommandProvider.cpp">
      <Filter>commands\snippet</Filter>
    </ClCompile>
    <ClCompile Include="commands\snippet\RegisterSnippetCommand.cpp">
      <Filter>commands\snippet</Filter>
    </ClCompile>
    <ClCompile Include="commands\common\Message.cpp">
      <Filter>commands\common</Filter>
    </ClCompile>
    <ClCompile Include="commands\timespan\TimespanCommand.cpp">
      <Filter>commands\timespan</Filter>
    </ClCompile>
    <ClCompile Include="commands\timespan\TimespanCommandProvider.cpp">
      <Filter>commands\timespan</Filter>
    </ClCompile>
    <ClCompile Include="utility\PythonDLL.cpp">
      <Filter>utility</Filter>
    </ClCompile>
    <ClCompile Include="commands\align_window\AlignWindowCommand.cpp">
      <Filter>commands\align_window</Filter>
    </ClCompile>
    <ClCompile Include="commands\align_window\AlignWindowCommandParam.cpp">
      <Filter>commands\align_window</Filter>
    </ClCompile>
    <ClCompile Include="commands\align_window\AlignWindowItemSettingDialog.cpp">
      <Filter>commands\align_window</Filter>
    </ClCompile>
    <ClCompile Include="commands\align_window\AlignWindowSettingDialog.cpp">
      <Filter>commands\align_window</Filter>
    </ClCompile>
    <ClCompile Include="commands\align_window\AlignWindowProvider.cpp">
      <Filter>commands\align_window</Filter>
    </ClCompile>
    <ClCompile Include="commands\pathconvert\GitBashToLocalPathAdhocCommand.cpp">
      <Filter>commands\pathconvert</Filter>
    </ClCompile>
    <ClCompile Include="commands\pathconvert\LocalToGitBashPathAdhocCommand.cpp">
      <Filter>commands\pathconvert</Filter>
    </ClCompile>
    <ClCompile Include="commands\pathconvert\PathConvertProvider.cpp">
      <Filter>commands\pathconvert</Filter>
    </ClCompile>
    <ClCompile Include="commands\pathconvert\FileProtocolConvertAdhocCommand.cpp">
      <Filter>commands\pathconvert</Filter>
    </ClCompile>
    <ClCompile Include="utility\SHA1.cpp">
      <Filter>utility</Filter>
    </ClCompile>
    <ClCompile Include="commands\pathconvert\P4PathConvertAdhocCommand.cpp">
      <Filter>commands\pathconvert</Filter>
    </ClCompile>
    <ClCompile Include="commands\pathconvert\P4AppSettings.cpp">
      <Filter>commands\pathconvert</Filter>
    </ClCompile>
    <ClCompile Include="gui\AppSettingPathPage.cpp">
      <Filter>gui</Filter>
    </ClCompile>
    <ClCompile Include="commands\bookmarks\AppSettingBookmarkPage.cpp">
      <Filter>commands\bookmarks</Filter>
    </ClCompile>
    <ClCompile Include="commands\pathconvert\AppSettingPathConvertPage.cpp">
      <Filter>commands\pathconvert</Filter>
    </ClCompile>
    <ClCompile Include="utility\SQLite3Wrapper.cpp">
      <Filter>utility</Filter>
    </ClCompile>
    <ClCompile Include="utility\SQLite3Database.cpp">
      <Filter>utility</Filter>
    </ClCompile>
    <ClCompile Include="commands\bookmarks\ChromiumBrowseHistory.cpp">
      <Filter>commands\bookmarks</Filter>
    </ClCompile>
    <ClCompile Include="commands\bookmarks\URLCommand.cpp">
      <Filter>commands\bookmarks</Filter>
    </ClCompile>
    <ClCompile Include="commands\simple_dict\ExcelWrapper.cpp">
      <Filter>commands\simple_dict</Filter>
    </ClCompile>
    <ClCompile Include="commands\simple_dict\SimpleDictCommand.cpp">
      <Filter>commands\simple_dict</Filter>
    </ClCompile>
    <ClCompile Include="commands\simple_dict\SimpleDictEditDialog.cpp">
      <Filter>commands\simple_dict</Filter>
    </ClCompile>
    <ClCompile Include="commands\simple_dict\SimpleDictProvider.cpp">
      <Filter>commands\simple_dict</Filter>
    </ClCompile>
    <ClCompile Include="commands\simple_dict\SimpleDictDatabase.cpp">
      <Filter>commands\simple_dict</Filter>
    </ClCompile>
    <ClCompile Include="commands\simple_dict\SimpleDictAdhocCommand.cpp">
      <Filter>commands\simple_dict</Filter>
    </ClCompile>
    <ClCompile Include="commands\unitconvert\InchAdhocCommand.cpp">
      <Filter>commands\unitconvert</Filter>
    </ClCompile>
    <ClCompile Include="commands\unitconvert\UnitConvertProvider.cpp">
      <Filter>commands\unitconvert</Filter>
    </ClCompile>
    <ClCompile Include="commands\builtin\EmptyRecycleBinCommand.cpp">
      <Filter>commands\builtin</Filter>
    </ClCompile>
    <ClCompile Include="commands\builtin\LogOffCommand.cpp">
      <Filter>commands\builtin</Filter>
    </ClCompile>
    <ClCompile Include="commands\builtin\ShutdownCommand.cpp">
      <Filter>commands\builtin</Filter>
    </ClCompile>
    <ClCompile Include="commands\builtin\RebootCommand.cpp">
      <Filter>commands\builtin</Filter>
    </ClCompile>
    <ClCompile Include="commands\builtin\LockScreenCommand.cpp">
      <Filter>commands\builtin</Filter>
    </ClCompile>
    <ClCompile Include="commands\builtin\StandbyCommand.cpp">
      <Filter>commands\builtin</Filter>
    </ClCompile>
    <ClCompile Include="commands\builtin\SuspendCommand.cpp">
      <Filter>commands\builtin</Filter>
    </ClCompile>
    <ClCompile Include="commands\watchpath\PathWatcher.cpp">
      <Filter>commands\watchpath</Filter>
    </ClCompile>
    <ClCompile Include="commands\watchpath\WatchPathCommand.cpp">
      <Filter>commands\watchpath</Filter>
    </ClCompile>
    <ClCompile Include="commands\watchpath\WatchPathCommandEditDialog.cpp">
      <Filter>commands\watchpath</Filter>
    </ClCompile>
    <ClCompile Include="commands\watchpath\WatchPathCommandProvider.cpp">
      <Filter>commands\watchpath</Filter>
    </ClCompile>
    <ClCompile Include="commands\presentation\PresentationProvider.cpp">
      <Filter>commands\presentation</Filter>
    </ClCompile>
    <ClCompile Include="commands\presentation\Presentations.cpp">
      <Filter>commands\presentation</Filter>
    </ClCompile>
    <ClCompile Include="commands\presentation\PptJumpCommand.cpp">
      <Filter>commands\presentation</Filter>
    </ClCompile>
    <ClCompile Include="commands\presentation\PowerPointWindow.cpp">
      <Filter>commands\presentation</Filter>
    </ClCompile>
    <ClCompile Include="commands\builtin\AfxChangeDirectoryCommand.cpp">
      <Filter>commands\builtin</Filter>
    </ClCompile>
    <ClCompile Include="commands\filter\FilterExecutor.cpp">
      <Filter>commands\filter</Filter>
    </ClCompile>
  </ItemGroup>
  <ItemGroup>
    <ResourceCompile Include="Soyokaze.rc">
      <Filter>リソース ファイル</Filter>
    </ResourceCompile>
  </ItemGroup>
  <ItemGroup>
    <None Include="res\Soyokaze.rc2">
      <Filter>リソース ファイル</Filter>
    </None>
    <None Include="CAPTURE.cur">
      <Filter>リソース ファイル</Filter>
    </None>
  </ItemGroup>
  <ItemGroup>
    <Image Include="res\Soyokaze.ico">
      <Filter>リソース ファイル</Filter>
    </Image>
    <Image Include="res\icon1.ico">
      <Filter>リソース ファイル</Filter>
    </Image>
    <Image Include="res\icon.ico">
      <Filter>リソース ファイル</Filter>
    </Image>
    <Image Include="res\gear.ico">
      <Filter>リソース ファイル</Filter>
    </Image>
  </ItemGroup>
</Project>