<?xml version="1.0" encoding="utf-8"?>
<Project ToolsVersion="4.0" xmlns="http://schemas.microsoft.com/developer/msbuild/2003">
  <ItemGroup>
    <Filter Include="ソース ファイル">
      <UniqueIdentifier>{4FC737F1-C7A5-4376-A066-2A32D752A2FF}</UniqueIdentifier>
      <Extensions>cpp;c;cc;cxx;def;odl;idl;hpj;bat;asm;asmx</Extensions>
    </Filter>
    <Filter Include="ヘッダー ファイル">
      <UniqueIdentifier>{93995380-89BD-4b04-88EB-625FBE52EBFB}</UniqueIdentifier>
      <Extensions>h;hh;hpp;hxx;hm;inl;inc;ipp;xsd</Extensions>
    </Filter>
    <Filter Include="リソース ファイル">
      <UniqueIdentifier>{67DA6AB6-F800-4c08-8B7A-83BB121AAD01}</UniqueIdentifier>
      <Extensions>rc;ico;cur;bmp;dlg;rc2;rct;bin;rgs;gif;jpg;jpeg;jpe;resx;tiff;tif;png;wav;mfcribbon-ms</Extensions>
    </Filter>
    <Filter Include="commands">
      <UniqueIdentifier>{d1b1a3c1-675d-483a-9228-5583b406f49f}</UniqueIdentifier>
    </Filter>
    <Filter Include="utility">
      <UniqueIdentifier>{b929759c-ac3e-431c-8e00-292b3dbf5119}</UniqueIdentifier>
    </Filter>
    <Filter Include="gui">
      <UniqueIdentifier>{87c70347-a3df-4acc-be69-799f58ac34f1}</UniqueIdentifier>
    </Filter>
    <Filter Include="commands\shellexecute">
      <UniqueIdentifier>{b6de4d04-4dc2-46af-aa21-fa35db0ffc15}</UniqueIdentifier>
    </Filter>
    <Filter Include="commands\builtin">
      <UniqueIdentifier>{e4d76de7-2d37-4fc7-b06e-c9e317a4e398}</UniqueIdentifier>
    </Filter>
    <Filter Include="commands\pathfind">
      <UniqueIdentifier>{a23e7e1b-61db-4f55-89e3-ccc0b6590dcb}</UniqueIdentifier>
    </Filter>
    <Filter Include="commands\group">
      <UniqueIdentifier>{81f4aa39-12c6-479a-b890-e6970fd7919c}</UniqueIdentifier>
    </Filter>
    <Filter Include="commands\common">
      <UniqueIdentifier>{c85fc57e-50cc-4f8c-8842-c64d13e9df26}</UniqueIdentifier>
    </Filter>
    <Filter Include="commands\filter">
      <UniqueIdentifier>{7933974b-e180-4a4d-bc20-84c7f981992e}</UniqueIdentifier>
    </Filter>
    <Filter Include="commands\mailto">
      <UniqueIdentifier>{d4b52afc-e65b-4ee9-8542-d07d6f0f750a}</UniqueIdentifier>
    </Filter>
    <Filter Include="commands\regexp">
      <UniqueIdentifier>{084cd9a5-4f68-4642-b7bb-679c7495c4ea}</UniqueIdentifier>
    </Filter>
    <Filter Include="commands\history">
      <UniqueIdentifier>{950a9a87-7ec3-42a6-8064-e602df4978a7}</UniqueIdentifier>
    </Filter>
    <Filter Include="commands\calculator">
      <UniqueIdentifier>{2fbf06ef-bc8b-4f4e-9afa-050c791778af}</UniqueIdentifier>
    </Filter>
    <Filter Include="commands\bookmarks">
      <UniqueIdentifier>{4c65bc41-4606-44d6-a1af-f371b5f81325}</UniqueIdentifier>
    </Filter>
    <Filter Include="commands\activate_window">
      <UniqueIdentifier>{0ac1b988-6a43-45ba-b864-5ffa754935d6}</UniqueIdentifier>
    </Filter>
    <Filter Include="commands\controllpanel">
      <UniqueIdentifier>{18d63481-0ef5-40b7-bfbf-c6836f6277b5}</UniqueIdentifier>
    </Filter>
    <Filter Include="commands\env">
      <UniqueIdentifier>{6b091184-744b-4a48-b402-3715cfb1e6c8}</UniqueIdentifier>
    </Filter>
    <Filter Include="commands\color">
      <UniqueIdentifier>{5bd0bf79-de52-4609-bd3c-03256118a8d3}</UniqueIdentifier>
    </Filter>
    <Filter Include="commands\vmware">
      <UniqueIdentifier>{33f49eb7-459c-45ba-9416-93848aa2be04}</UniqueIdentifier>
    </Filter>
    <Filter Include="commands\websearch">
      <UniqueIdentifier>{1a72f536-bec9-4e63-9ebe-c81aff2d08be}</UniqueIdentifier>
    </Filter>
    <Filter Include="commands\specialfolderfiles">
      <UniqueIdentifier>{42bbfb15-e16b-4c9d-8184-662826a96899}</UniqueIdentifier>
    </Filter>
    <Filter Include="commands\uwp">
      <UniqueIdentifier>{c363a251-f52b-4690-8e0e-bfed0db7cd08}</UniqueIdentifier>
    </Filter>
    <Filter Include="commands\outlook">
      <UniqueIdentifier>{7dcc6232-f4d4-4547-87f2-e6e0c65c1d55}</UniqueIdentifier>
    </Filter>
    <Filter Include="commands\decodestring">
      <UniqueIdentifier>{bdfa4983-1c39-4ead-8acb-70825c844131}</UniqueIdentifier>
    </Filter>
    <Filter Include="commands\getip">
      <UniqueIdentifier>{5f53e1f6-5589-4607-8614-4518ab10497e}</UniqueIdentifier>
    </Filter>
    <Filter Include="commands\snippet">
      <UniqueIdentifier>{8dbb3a70-89ba-43d3-b4cc-98faf416f960}</UniqueIdentifier>
    </Filter>
    <Filter Include="commands\timespan">
      <UniqueIdentifier>{4f0e7da9-2870-403c-afab-c7d502a15d22}</UniqueIdentifier>
    </Filter>
    <Filter Include="commands\align_window">
      <UniqueIdentifier>{6134530a-48d6-45c8-88bf-a094eabbfe66}</UniqueIdentifier>
    </Filter>
    <Filter Include="commands\simple_dict">
      <UniqueIdentifier>{fe1b9bed-c65b-41b1-af44-68715b74c2fa}</UniqueIdentifier>
    </Filter>
    <Filter Include="commands\pathconvert">
      <UniqueIdentifier>{599cba8c-77d6-4632-b489-4276f1947bd5}</UniqueIdentifier>
    </Filter>
    <Filter Include="commands\unitconvert">
      <UniqueIdentifier>{284c33ba-8f10-451d-b44d-045dc401ea03}</UniqueIdentifier>
    </Filter>
    <Filter Include="commands\watchpath">
      <UniqueIdentifier>{f77af849-8b29-49a1-bd4c-d923e73442ed}</UniqueIdentifier>
    </Filter>
    <Filter Include="commands\presentation">
      <UniqueIdentifier>{8f298638-3ce8-424a-8a6c-d997ce6bd4a6}</UniqueIdentifier>
    </Filter>
    <Filter Include="icon">
      <UniqueIdentifier>{db647421-9865-4392-9071-53fc2ab5a7b4}</UniqueIdentifier>
    </Filter>
    <Filter Include="mainwindow">
      <UniqueIdentifier>{f72a389b-0bfa-4449-8e85-a993b3bd0573}</UniqueIdentifier>
    </Filter>
    <Filter Include="tasktray">
      <UniqueIdentifier>{bbb178a2-439a-4886-9b26-df027800dba3}</UniqueIdentifier>
    </Filter>
    <Filter Include="settingwindow">
      <UniqueIdentifier>{8ab7a515-604f-4ce8-818f-8beb9a5c41b3}</UniqueIdentifier>
    </Filter>
    <Filter Include="app">
      <UniqueIdentifier>{4bce9125-77c5-4ae2-acb2-0e7cfac89887}</UniqueIdentifier>
    </Filter>
    <Filter Include="hotkey">
      <UniqueIdentifier>{a2f3c134-5ba0-4fda-88fa-d93a712f3dad}</UniqueIdentifier>
    </Filter>
    <Filter Include="matcher">
      <UniqueIdentifier>{f13190bc-dc05-4bd6-abed-230bd4dfc16e}</UniqueIdentifier>
    </Filter>
    <Filter Include="commands\core">
      <UniqueIdentifier>{865fa245-8400-495f-9996-90ba4c5e43b8}</UniqueIdentifier>
    </Filter>
    <Filter Include="logger">
      <UniqueIdentifier>{414475f3-ea8c-4b4c-bd8f-9cd8f6567b0e}</UniqueIdentifier>
    </Filter>
    <Filter Include="setting">
      <UniqueIdentifier>{227e2a02-e98b-43c0-964d-ae7d5290d478}</UniqueIdentifier>
    </Filter>
    <Filter Include="macros">
      <UniqueIdentifier>{766e943b-7264-4628-b10e-36f36acd788f}</UniqueIdentifier>
    </Filter>
    <Filter Include="macros\core">
      <UniqueIdentifier>{a9cce10b-45e5-4220-8f68-0c6803cf8041}</UniqueIdentifier>
    </Filter>
    <Filter Include="macros\builtin">
      <UniqueIdentifier>{2f10e29d-4270-44a4-bbd1-fe71f4e9b88e}</UniqueIdentifier>
    </Filter>
    <Filter Include="macros\afxw">
      <UniqueIdentifier>{d4738602-a6ea-48e0-84a3-6766be6d02b8}</UniqueIdentifier>
    </Filter>
    <Filter Include="macros\random">
      <UniqueIdentifier>{24590d00-f442-4db5-ada1-e415389d4a04}</UniqueIdentifier>
    </Filter>
    <Filter Include="commands\volumecontrol">
      <UniqueIdentifier>{6c0145c3-38fc-4070-a139-9883bb0aa980}</UniqueIdentifier>
    </Filter>
    <Filter Include="commands\mmc">
      <UniqueIdentifier>{f68e1d43-9b05-4f8f-ad6b-4f8b5673401e}</UniqueIdentifier>
    </Filter>
    <Filter Include="macros\macro">
      <UniqueIdentifier>{2663256a-1afb-4be8-ac83-5dddd9d61935}</UniqueIdentifier>
    </Filter>
    <Filter Include="commands\ejectvolume">
      <UniqueIdentifier>{16f38041-62ce-49de-84cb-4bcabe754b8f}</UniqueIdentifier>
    </Filter>
    <Filter Include="commands\everything">
      <UniqueIdentifier>{d8c769f8-362b-4ac3-ac30-9b340043d1e8}</UniqueIdentifier>
    </Filter>
    <Filter Include="commands\everything\Everything-SDK">
      <UniqueIdentifier>{8be89ee8-b0e6-4dfb-a6a8-14f9ec591324}</UniqueIdentifier>
    </Filter>
    <Filter Include="commands\everything\Everything-SDK\src">
      <UniqueIdentifier>{04139615-b75f-4da9-925a-f2afa162e9a2}</UniqueIdentifier>
    </Filter>
    <Filter Include="commands\everything\Everything-SDK\include">
      <UniqueIdentifier>{6a6d7544-d5ea-4e85-9276-e2d04f038915}</UniqueIdentifier>
    </Filter>
    <Filter Include="commands\everything\Everything-SDK\ipc">
      <UniqueIdentifier>{cf763401-e6d7-4779-91b3-02db722c8370}</UniqueIdentifier>
    </Filter>
    <Filter Include="commands\webhistory">
      <UniqueIdentifier>{2ac3f8de-6a7b-4a79-9b9f-7cc7163da64e}</UniqueIdentifier>
    </Filter>
    <Filter Include="commands\url_directoryindex">
      <UniqueIdentifier>{ffdcfe33-2235-4f87-844f-52c43b84a9e1}</UniqueIdentifier>
    </Filter>
    <Filter Include="commands\keysplitter">
      <UniqueIdentifier>{491319ca-409f-4775-ad09-ef2537b40718}</UniqueIdentifier>
    </Filter>
    <Filter Include="commands\extracandidate">
      <UniqueIdentifier>{df6b0b9b-124f-4810-a5e8-751fa60ef48a}</UniqueIdentifier>
    </Filter>
    <Filter Include="mainwindow\layout">
      <UniqueIdentifier>{fcc5abc1-3e80-4540-ab8a-02290af3e331}</UniqueIdentifier>
    </Filter>
    <Filter Include="commands\snippetgroup">
      <UniqueIdentifier>{e7e0e85c-2f0f-4922-b922-67d2c2e7319b}</UniqueIdentifier>
    </Filter>
    <Filter Include="commands\activate_worksheet">
      <UniqueIdentifier>{e8a0558c-92ee-401b-8a79-fe0b34e43d97}</UniqueIdentifier>
    </Filter>
  </ItemGroup>
  <ItemGroup>
    <ClInclude Include="framework.h">
      <Filter>ヘッダー ファイル</Filter>
    </ClInclude>
    <ClInclude Include="targetver.h">
      <Filter>ヘッダー ファイル</Filter>
    </ClInclude>
    <ClInclude Include="Resource.h">
      <Filter>ヘッダー ファイル</Filter>
    </ClInclude>
    <ClInclude Include="pch.h">
      <Filter>ヘッダー ファイル</Filter>
    </ClInclude>
    <ClInclude Include="utility\ShortcutFile.h">
      <Filter>utility</Filter>
    </ClInclude>
    <ClInclude Include="utility/AppProfile.h">
      <Filter>utility</Filter>
    </ClInclude>
    <ClInclude Include="gui/FolderDialog.h">
      <Filter>gui</Filter>
    </ClInclude>
    <ClInclude Include="gui/KeywordEdit.h">
      <Filter>gui</Filter>
    </ClInclude>
    <ClInclude Include="gui/KeywordManagerDialog.h">
      <Filter>gui</Filter>
    </ClInclude>
    <ClInclude Include="gui/SelectFilesDialog.h">
      <Filter>gui</Filter>
    </ClInclude>
    <ClInclude Include="utility/IniFile.h">
      <Filter>utility</Filter>
    </ClInclude>
    <ClInclude Include="gui\SettingPage.h">
      <Filter>gui</Filter>
    </ClInclude>
    <ClInclude Include="utility\ProcessPath.h">
      <Filter>utility</Filter>
    </ClInclude>
    <ClInclude Include="utility\TopMostMask.h">
      <Filter>utility</Filter>
    </ClInclude>
    <ClInclude Include="commands\shellexecute\ShellExecCommandProvider.h">
      <Filter>commands\shellexecute</Filter>
    </ClInclude>
    <ClInclude Include="commands\shellexecute\ShellExecCommand.h">
      <Filter>commands\shellexecute</Filter>
    </ClInclude>
    <ClInclude Include="commands\builtin\BuiltinCommandProvider.h">
      <Filter>ヘッダー ファイル</Filter>
    </ClInclude>
    <ClInclude Include="commands\builtin\EditCommand.h">
      <Filter>commands\builtin</Filter>
    </ClInclude>
    <ClInclude Include="commands\builtin\ExitCommand.h">
      <Filter>commands\builtin</Filter>
    </ClInclude>
    <ClInclude Include="commands\builtin\MainDirCommand.h">
      <Filter>commands\builtin</Filter>
    </ClInclude>
    <ClInclude Include="commands\builtin\ManagerCommand.h">
      <Filter>commands\builtin</Filter>
    </ClInclude>
    <ClInclude Include="commands\builtin\NewCommand.h">
      <Filter>commands\builtin</Filter>
    </ClInclude>
    <ClInclude Include="commands\builtin\ReloadCommand.h">
      <Filter>commands\builtin</Filter>
    </ClInclude>
    <ClInclude Include="commands\builtin\RegistWinCommand.h">
      <Filter>commands\builtin</Filter>
    </ClInclude>
    <ClInclude Include="commands\builtin\SettingCommand.h">
      <Filter>commands\builtin</Filter>
    </ClInclude>
    <ClInclude Include="commands\builtin\UserDirCommand.h">
      <Filter>commands\builtin</Filter>
    </ClInclude>
    <ClInclude Include="commands\builtin\VersionCommand.h">
      <Filter>commands\builtin</Filter>
    </ClInclude>
    <ClInclude Include="commands\pathfind\PathExeAdhocCommandProvider.h">
      <Filter>commands\pathfind</Filter>
    </ClInclude>
    <ClInclude Include="commands\pathfind\PathExecuteCommand.h">
      <Filter>commands\pathfind</Filter>
    </ClInclude>
    <ClInclude Include="commands\group\GroupCommand.h">
      <Filter>commands\group</Filter>
    </ClInclude>
    <ClInclude Include="commands\group\GroupCommandProvider.h">
      <Filter>commands\group</Filter>
    </ClInclude>
    <ClInclude Include="commands\group\GroupEditDialog.h">
      <Filter>commands\group</Filter>
    </ClInclude>
    <ClInclude Include="commands\group\CommandParam.h">
      <Filter>commands\group</Filter>
    </ClInclude>
    <ClInclude Include="gui\ModalComboBox.h">
      <Filter>gui</Filter>
    </ClInclude>
    <ClInclude Include="commands\common\ExpandFunctions.h">
      <Filter>commands\common</Filter>
    </ClInclude>
    <ClInclude Include="commands\filter\FilterCommand.h">
      <Filter>commands\filter</Filter>
    </ClInclude>
    <ClInclude Include="commands\filter\FilterCommandProvider.h">
      <Filter>commands\filter</Filter>
    </ClInclude>
    <ClInclude Include="utility\Pipe.h">
      <Filter>utility</Filter>
    </ClInclude>
    <ClInclude Include="commands\filter\FilterEditDialog.h">
      <Filter>commands\filter</Filter>
    </ClInclude>
    <ClInclude Include="commands\filter\FilterCommandParam.h">
      <Filter>commands\filter</Filter>
    </ClInclude>
    <ClInclude Include="commands\builtin\ChangeDirectoryCommand.h">
      <Filter>commands\builtin</Filter>
    </ClInclude>
    <ClInclude Include="commands\builtin\DeleteCommand.h">
      <Filter>commands\builtin</Filter>
    </ClInclude>
    <ClInclude Include="commands\mailto\MailToCommand.h">
      <Filter>commands\mailto</Filter>
    </ClInclude>
    <ClInclude Include="commands\mailto\MailToCommandProvider.h">
      <Filter>commands\mailto</Filter>
    </ClInclude>
    <ClInclude Include="utility\ScopeAttachThreadInput.h">
      <Filter>utility</Filter>
    </ClInclude>
    <ClInclude Include="commands\shellexecute\CommandEditDialog.h">
      <Filter>commands\shellexecute</Filter>
    </ClInclude>
    <ClInclude Include="commands\regexp\RegExpCommand.h">
      <Filter>commands\regexp</Filter>
    </ClInclude>
    <ClInclude Include="commands\regexp\RegExpCommandEditDialog.h">
      <Filter>commands\regexp</Filter>
    </ClInclude>
    <ClInclude Include="commands\regexp\RegExpCommandProvider.h">
      <Filter>commands\regexp</Filter>
    </ClInclude>
    <ClInclude Include="utility\LocalPathResolver.h">
      <Filter>utility</Filter>
    </ClInclude>
    <ClInclude Include="commands\common\ExecuteHistory.h">
      <Filter>commands\common</Filter>
    </ClInclude>
    <ClInclude Include="commands\history\HistoryCommand.h">
      <Filter>commands\history</Filter>
    </ClInclude>
    <ClInclude Include="commands\history\HistoryCommandProvider.h">
      <Filter>commands\history</Filter>
    </ClInclude>
    <ClInclude Include="gui\SettingDialogBase.h">
      <Filter>gui</Filter>
    </ClInclude>
    <ClInclude Include="commands\shellexecute\ShellExecCommandParam.h">
      <Filter>commands\shellexecute</Filter>
    </ClInclude>
    <ClInclude Include="commands\shellexecute\ShellExecSettingDialog.h">
      <Filter>commands\shellexecute</Filter>
    </ClInclude>
    <ClInclude Include="commands\shellexecute\ShellExecEditDetailPage.h">
      <Filter>commands\shellexecute</Filter>
    </ClInclude>
    <ClInclude Include="commands\shellexecute\ArgumentDialog.h">
      <Filter>commands\shellexecute</Filter>
    </ClInclude>
    <ClInclude Include="commands\calculator\Calculator.h">
      <Filter>commands\calculator</Filter>
    </ClInclude>
    <ClInclude Include="commands\calculator\CalculatorAdhocCommandProvider.h">
      <Filter>commands\calculator</Filter>
    </ClInclude>
    <ClInclude Include="commands\calculator\CalculatorCommand.h">
      <Filter>commands\calculator</Filter>
    </ClInclude>
    <ClInclude Include="commands\bookmarks\BookmarkCommandProvider.h">
      <Filter>commands\bookmarks</Filter>
    </ClInclude>
    <ClInclude Include="commands\bookmarks\Bookmarks.h">
      <Filter>commands\bookmarks</Filter>
    </ClInclude>
    <ClInclude Include="commands\activate_window\ActivateWindowProvider.h">
      <Filter>commands\activate_window</Filter>
    </ClInclude>
    <ClInclude Include="commands\activate_window\WindowActivateCommand.h">
      <Filter>commands\activate_window</Filter>
    </ClInclude>
    <ClInclude Include="utility\CharConverter.h">
      <Filter>utility</Filter>
    </ClInclude>
    <ClInclude Include="commands\controlpanel\ControllPanel.h">
      <Filter>commands\controllpanel</Filter>
    </ClInclude>
    <ClInclude Include="commands\controlpanel\ControlPanelCommand.h">
      <Filter>commands\controllpanel</Filter>
    </ClInclude>
    <ClInclude Include="commands\common\AdhocCommandProviderBase.h">
      <Filter>commands\common</Filter>
    </ClInclude>
    <ClInclude Include="commands\env\EnvCommand.h">
      <Filter>commands\env</Filter>
    </ClInclude>
    <ClInclude Include="commands\env\EnvCommandProvider.h">
      <Filter>commands\env</Filter>
    </ClInclude>
    <ClInclude Include="commands\color\ColorCommand.h">
      <Filter>commands\color</Filter>
    </ClInclude>
    <ClInclude Include="commands\color\ColorCommandProvider.h">
      <Filter>commands\color</Filter>
    </ClInclude>
    <ClInclude Include="commands\vmware\VMXFileCommand.h">
      <Filter>commands\vmware</Filter>
    </ClInclude>
    <ClInclude Include="commands\vmware\VMXFileCommandProvider.h">
      <Filter>commands\vmware</Filter>
    </ClInclude>
    <ClInclude Include="commands\common\AdhocCommandBase.h">
      <Filter>commands\common</Filter>
    </ClInclude>
    <ClInclude Include="utility\Sound.h">
      <Filter>utility</Filter>
    </ClInclude>
    <ClInclude Include="commands\activate_window\WindowActivateAdhocCommand.h">
      <Filter>commands\activate_window</Filter>
    </ClInclude>
    <ClInclude Include="commands\activate_window\WindowActivateCommandParam.h">
      <Filter>commands\activate_window</Filter>
    </ClInclude>
    <ClInclude Include="commands\activate_window\WindowActivateSettingDialog.h">
      <Filter>commands\activate_window</Filter>
    </ClInclude>
    <ClInclude Include="commands\websearch\WebSearchCommand.h">
      <Filter>commands\websearch</Filter>
    </ClInclude>
    <ClInclude Include="commands\websearch\WebSearchCommandParam.h">
      <Filter>commands\websearch</Filter>
    </ClInclude>
    <ClInclude Include="commands\websearch\WebSearchProvider.h">
      <Filter>commands\websearch</Filter>
    </ClInclude>
    <ClInclude Include="commands\websearch\WebSearchSettingDialog.h">
      <Filter>commands\websearch</Filter>
    </ClInclude>
    <ClInclude Include="utility\RegistryKey.h">
      <Filter>utility</Filter>
    </ClInclude>
    <ClInclude Include="utility\LastErrorString.h">
      <Filter>utility</Filter>
    </ClInclude>
    <ClInclude Include="commands\common\Clipboard.h">
      <Filter>commands\common</Filter>
    </ClInclude>
    <ClInclude Include="commands\color\HSL.h">
      <Filter>commands\color</Filter>
    </ClInclude>
    <ClInclude Include="commands\specialfolderfiles\SpecialFolderFileCommand.h">
      <Filter>commands\specialfolderfiles</Filter>
    </ClInclude>
    <ClInclude Include="commands\specialfolderfiles\SpecialFolderFiles.h">
      <Filter>commands\specialfolderfiles</Filter>
    </ClInclude>
    <ClInclude Include="commands\specialfolderfiles\SpecialFolderFilesCommandProvider.h">
      <Filter>commands\specialfolderfiles</Filter>
    </ClInclude>
    <ClInclude Include="commands\uwp\UWPApplicationItem.h">
      <Filter>commands\uwp</Filter>
    </ClInclude>
    <ClInclude Include="commands\uwp\UWPApplications.h">
      <Filter>commands\uwp</Filter>
    </ClInclude>
    <ClInclude Include="commands\uwp\UWPCommand.h">
      <Filter>commands\uwp</Filter>
    </ClInclude>
    <ClInclude Include="commands\uwp\UWPCommandProvider.h">
      <Filter>commands\uwp</Filter>
    </ClInclude>
    <ClInclude Include="utility\Accessibility.h">
      <Filter>utility</Filter>
    </ClInclude>
    <ClInclude Include="commands\common\SubProcess.h">
      <Filter>commands\common</Filter>
    </ClInclude>
    <ClInclude Include="commands\outlook\MailCommand.h">
      <Filter>commands\outlook</Filter>
    </ClInclude>
    <ClInclude Include="commands\outlook\OutlookItemProvider.h">
      <Filter>commands\outlook</Filter>
    </ClInclude>
    <ClInclude Include="commands\outlook\OutlookItems.h">
      <Filter>commands\outlook</Filter>
    </ClInclude>
    <ClInclude Include="commands\decodestring\DecodeStringCommandProvider.h">
      <Filter>commands\decodestring</Filter>
    </ClInclude>
    <ClInclude Include="commands\decodestring\DecodeUriCommand.h">
      <Filter>commands\decodestring</Filter>
    </ClInclude>
    <ClInclude Include="commands\decodestring\EscapedCharCommand.h">
      <Filter>commands\decodestring</Filter>
    </ClInclude>
    <ClInclude Include="commands\builtin\BuiltinCommandBase.h">
      <Filter>commands\builtin</Filter>
    </ClInclude>
    <ClInclude Include="commands\getip\GetIPCommandProvider.h">
      <Filter>commands\getip</Filter>
    </ClInclude>
    <ClInclude Include="commands\getip\GetIPCommand.h">
      <Filter>commands\getip</Filter>
    </ClInclude>
    <ClInclude Include="commands\snippet\SnippetCommand.h">
      <Filter>commands\snippet</Filter>
    </ClInclude>
    <ClInclude Include="commands\snippet\SnippetCommandEditDialog.h">
      <Filter>commands\snippet</Filter>
    </ClInclude>
    <ClInclude Include="commands\snippet\SnippetCommandProvider.h">
      <Filter>commands\snippet</Filter>
    </ClInclude>
    <ClInclude Include="commands\snippet\RegisterSnippetCommand.h">
      <Filter>commands\snippet</Filter>
    </ClInclude>
    <ClInclude Include="commands\common\Message.h">
      <Filter>commands\common</Filter>
    </ClInclude>
    <ClInclude Include="commands\timespan\TimespanCommand.h">
      <Filter>commands\timespan</Filter>
    </ClInclude>
    <ClInclude Include="commands\timespan\TimespanCommandProvider.h">
      <Filter>commands\timespan</Filter>
    </ClInclude>
    <ClInclude Include="utility\PythonDLL.h">
      <Filter>utility</Filter>
    </ClInclude>
    <ClInclude Include="commands\align_window\AlignWindowCommand.h">
      <Filter>commands\align_window</Filter>
    </ClInclude>
    <ClInclude Include="commands\align_window\AlignWindowCommandParam.h">
      <Filter>commands\align_window</Filter>
    </ClInclude>
    <ClInclude Include="commands\align_window\AlignWindowItemSettingDialog.h">
      <Filter>commands\align_window</Filter>
    </ClInclude>
    <ClInclude Include="commands\align_window\AlignWindowSettingDialog.h">
      <Filter>commands\align_window</Filter>
    </ClInclude>
    <ClInclude Include="commands\align_window\AlignWindowProvider.h">
      <Filter>commands\align_window</Filter>
    </ClInclude>
    <ClInclude Include="commands\pathconvert\GitBashToLocalPathAdhocCommand.h">
      <Filter>commands\pathconvert</Filter>
    </ClInclude>
    <ClInclude Include="commands\pathconvert\LocalToGitBashPathAdhocCommand.h">
      <Filter>commands\pathconvert</Filter>
    </ClInclude>
    <ClInclude Include="commands\pathconvert\PathConvertProvider.h">
      <Filter>commands\pathconvert</Filter>
    </ClInclude>
    <ClInclude Include="commands\pathconvert\FileProtocolConvertAdhocCommand.h">
      <Filter>commands\pathconvert</Filter>
    </ClInclude>
    <ClInclude Include="utility\SHA1.h">
      <Filter>utility</Filter>
    </ClInclude>
    <ClInclude Include="commands\pathconvert\AppSettingPathConvertPage.h">
      <Filter>commands\pathconvert</Filter>
    </ClInclude>
    <ClInclude Include="utility\SQLite3Wrapper.h">
      <Filter>utility</Filter>
    </ClInclude>
    <ClInclude Include="utility\SQLite3Database.h">
      <Filter>utility</Filter>
    </ClInclude>
    <ClInclude Include="commands\bookmarks\URLCommand.h">
      <Filter>commands\bookmarks</Filter>
    </ClInclude>
    <ClInclude Include="commands\simple_dict\ExcelWrapper.h">
      <Filter>commands\simple_dict</Filter>
    </ClInclude>
    <ClInclude Include="commands\simple_dict\SimpleDictCommand.h">
      <Filter>commands\simple_dict</Filter>
    </ClInclude>
    <ClInclude Include="commands\simple_dict\SimpleDictEditDialog.h">
      <Filter>commands\simple_dict</Filter>
    </ClInclude>
    <ClInclude Include="commands\simple_dict\SimpleDictParam.h">
      <Filter>commands\simple_dict</Filter>
    </ClInclude>
    <ClInclude Include="commands\simple_dict\SimpleDictProvider.h">
      <Filter>commands\simple_dict</Filter>
    </ClInclude>
    <ClInclude Include="commands\simple_dict\SimpleDictCommandUpdateListenerIF.h">
      <Filter>commands\simple_dict</Filter>
    </ClInclude>
    <ClInclude Include="commands\simple_dict\SimpleDictAdhocCommand.h">
      <Filter>commands\simple_dict</Filter>
    </ClInclude>
    <ClInclude Include="commands\unitconvert\InchAdhocCommand.h">
      <Filter>commands\unitconvert</Filter>
    </ClInclude>
    <ClInclude Include="commands\unitconvert\UnitConvertProvider.h">
      <Filter>commands\unitconvert</Filter>
    </ClInclude>
    <ClInclude Include="commands\builtin\EmptyRecycleBinCommand.h">
      <Filter>commands\builtin</Filter>
    </ClInclude>
    <ClInclude Include="commands\builtin\LogOffCommand.h">
      <Filter>commands\builtin</Filter>
    </ClInclude>
    <ClInclude Include="commands\builtin\ShutdownCommand.h">
      <Filter>commands\builtin</Filter>
    </ClInclude>
    <ClInclude Include="commands\builtin\RebootCommand.h">
      <Filter>commands\builtin</Filter>
    </ClInclude>
    <ClInclude Include="commands\builtin\LockScreenCommand.h">
      <Filter>commands\builtin</Filter>
    </ClInclude>
    <ClInclude Include="commands\builtin\StandbyCommand.h">
      <Filter>commands\builtin</Filter>
    </ClInclude>
    <ClInclude Include="commands\builtin\SuspendCommand.h">
      <Filter>commands\builtin</Filter>
    </ClInclude>
    <ClInclude Include="commands\watchpath\PathWatcher.h">
      <Filter>commands\watchpath</Filter>
    </ClInclude>
    <ClInclude Include="commands\watchpath\WatchPathCommand.h">
      <Filter>commands\watchpath</Filter>
    </ClInclude>
    <ClInclude Include="commands\watchpath\WatchPathCommandEditDialog.h">
      <Filter>commands\watchpath</Filter>
    </ClInclude>
    <ClInclude Include="commands\watchpath\WatchPathCommandProvider.h">
      <Filter>commands\watchpath</Filter>
    </ClInclude>
    <ClInclude Include="commands\presentation\PresentationProvider.h">
      <Filter>commands\presentation</Filter>
    </ClInclude>
    <ClInclude Include="commands\presentation\Presentations.h">
      <Filter>commands\presentation</Filter>
    </ClInclude>
    <ClInclude Include="commands\presentation\PptJumpCommand.h">
      <Filter>commands\presentation</Filter>
    </ClInclude>
    <ClInclude Include="commands\presentation\PowerPointWindow.h">
      <Filter>commands\presentation</Filter>
    </ClInclude>
    <ClInclude Include="commands\builtin\AfxChangeDirectoryCommand.h">
      <Filter>commands\builtin</Filter>
    </ClInclude>
    <ClInclude Include="commands\filter\FilterExecutor.h">
      <Filter>commands\filter</Filter>
    </ClInclude>
    <ClInclude Include="icon/IconLoader.h">
      <Filter>icon</Filter>
    </ClInclude>
    <ClInclude Include="mainwindow/LauncherMainWindow.h">
      <Filter>mainwindow</Filter>
    </ClInclude>
    <ClInclude Include="mainwindow\CandidateListCtrl.h">
      <Filter>mainwindow</Filter>
    </ClInclude>
    <ClInclude Include="mainwindow/CmdReceiveEdit.h">
      <Filter>mainwindow</Filter>
    </ClInclude>
    <ClInclude Include="mainwindow/LauncherDropTarget.h">
      <Filter>mainwindow</Filter>
    </ClInclude>
    <ClInclude Include="commands/builtin/AboutDlg.h">
      <Filter>commands\builtin</Filter>
    </ClInclude>
    <ClInclude Include="mainwindow/CandidateListListenerIF.h">
      <Filter>mainwindow</Filter>
    </ClInclude>
    <ClInclude Include="mainwindow/CandidateList.h">
      <Filter>mainwindow</Filter>
    </ClInclude>
    <ClInclude Include="tasktray/TaskTray.h">
      <Filter>tasktray</Filter>
    </ClInclude>
    <ClInclude Include="settingwindow\ViewSettingDialog.h">
      <Filter>settingwindow</Filter>
    </ClInclude>
    <ClInclude Include="settingwindow\SoundSettingDialog.h">
      <Filter>settingwindow</Filter>
    </ClInclude>
    <ClInclude Include="settingwindow/SettingDialog.h">
      <Filter>settingwindow</Filter>
    </ClInclude>
    <ClInclude Include="settingwindow\AppSettingPathPage.h">
      <Filter>settingwindow</Filter>
    </ClInclude>
    <ClInclude Include="settingwindow\BasicSettingDialog.h">
      <Filter>settingwindow</Filter>
    </ClInclude>
    <ClInclude Include="icon\CaptureIconLabel.h">
      <Filter>icon</Filter>
    </ClInclude>
    <ClInclude Include="settingwindow\ExecSettingDialog.h">
      <Filter>settingwindow</Filter>
    </ClInclude>
    <ClInclude Include="icon/IconLabel.h">
      <Filter>icon</Filter>
    </ClInclude>
    <ClInclude Include="settingwindow\InputSettingDialog.h">
      <Filter>settingwindow</Filter>
    </ClInclude>
    <ClInclude Include="settingwindow\ShortcutSettingPage.h">
      <Filter>settingwindow</Filter>
    </ClInclude>
    <ClInclude Include="gui/BreadCrumbs.h">
      <Filter>gui</Filter>
    </ClInclude>
    <ClInclude Include="hotkey\AppHotKey.h">
      <Filter>hotkey</Filter>
    </ClInclude>
    <ClInclude Include="app/Arguments.h">
      <Filter>app</Filter>
    </ClInclude>
    <ClInclude Include="hotkey\CommandHotKeyDialog.h">
      <Filter>hotkey</Filter>
    </ClInclude>
    <ClInclude Include="hotkey\CommandHotKeyHandlerIF.h">
      <Filter>hotkey</Filter>
    </ClInclude>
    <ClInclude Include="hotkey\CommandHotKeyManager.h">
      <Filter>hotkey</Filter>
    </ClInclude>
    <ClInclude Include="hotkey/CommandHotKeyMappings.h">
      <Filter>hotkey</Filter>
    </ClInclude>
    <ClInclude Include="hotkey\GlobalHotKey.h">
      <Filter>hotkey</Filter>
    </ClInclude>
    <ClInclude Include="hotkey/HotKeyAttribute.h">
      <Filter>hotkey</Filter>
    </ClInclude>
    <ClInclude Include="hotkey/HotKeyDialog.h">
      <Filter>hotkey</Filter>
    </ClInclude>
    <ClInclude Include="hotkey/NamedCommandHotKeyHandler.h">
      <Filter>hotkey</Filter>
    </ClInclude>
    <ClInclude Include="app/LauncherApp.h">
      <Filter>app</Filter>
    </ClInclude>
    <ClInclude Include="app/StartupParam.h">
      <Filter>app</Filter>
    </ClInclude>
    <ClInclude Include="settingwindow\ExtensionSettingDialog.h">
      <Filter>settingwindow</Filter>
    </ClInclude>
    <ClInclude Include="matcher/PartialMatchPattern.h">
      <Filter>matcher</Filter>
    </ClInclude>
    <ClInclude Include="matcher/Migemo.h">
      <Filter>matcher</Filter>
    </ClInclude>
    <ClInclude Include="matcher/Pattern.h">
      <Filter>matcher</Filter>
    </ClInclude>
    <ClInclude Include="matcher/WholeMatchPattern.h">
      <Filter>matcher</Filter>
    </ClInclude>
    <ClInclude Include="commands/core/CommandIF.h">
      <Filter>commands\core</Filter>
    </ClInclude>
    <ClInclude Include="commands/core/CommandRepository.h">
      <Filter>commands\core</Filter>
    </ClInclude>
    <ClInclude Include="commands\core\CommandRepositoryListenerIF.h">
      <Filter>commands\core</Filter>
    </ClInclude>
    <ClInclude Include="commands/core/CommandParameter.h">
      <Filter>commands\core</Filter>
    </ClInclude>
    <ClInclude Include="commands/core\CommandRanking.h">
      <Filter>commands\core</Filter>
    </ClInclude>
    <ClInclude Include="commands\core\CommandProviderIF.h">
      <Filter>commands\core</Filter>
    </ClInclude>
    <ClInclude Include="commands/core\CommandQueryItem.h">
      <Filter>commands\core</Filter>
    </ClInclude>
    <ClInclude Include="gui\SelectCommandTypeDialog.h">
      <Filter>gui</Filter>
    </ClInclude>
    <ClInclude Include="commands/core/CommandFile.h">
      <Filter>commands\core</Filter>
    </ClInclude>
    <ClInclude Include="commands/core/CommandMap.h">
      <Filter>commands\core</Filter>
    </ClInclude>
    <ClInclude Include="mainwindow/AppSound.h">
      <Filter>mainwindow</Filter>
    </ClInclude>
    <ClInclude Include="logger/Logger.h">
      <Filter>logger</Filter>
    </ClInclude>
    <ClInclude Include="setting/AppPreference.h">
      <Filter>setting</Filter>
    </ClInclude>
    <ClInclude Include="setting/Settings.h">
      <Filter>setting</Filter>
    </ClInclude>
    <ClInclude Include="mainwindow/WindowTransparency.h">
      <Filter>mainwindow</Filter>
    </ClInclude>
    <ClInclude Include="settingwindow\InputWindowKeySettingPage.h">
      <Filter>settingwindow</Filter>
    </ClInclude>
    <ClInclude Include="mainwindow\MainWindowHotKey.h">
      <Filter>mainwindow</Filter>
    </ClInclude>
    <ClInclude Include="settingwindow\ExcludePathPage.h">
      <Filter>settingwindow</Filter>
    </ClInclude>
    <ClInclude Include="commands\pathfind\ExcludePathList.h">
      <Filter>commands\pathfind</Filter>
    </ClInclude>
    <ClInclude Include="commands\watchpath\WatchPathToast.h">
      <Filter>commands\watchpath</Filter>
    </ClInclude>
    <ClInclude Include="mainwindow\LauncherWindowEventDispatcher.h">
      <Filter>mainwindow</Filter>
    </ClInclude>
    <ClInclude Include="settingwindow\AppSettingPageOther.h">
      <Filter>settingwindow</Filter>
    </ClInclude>
    <ClInclude Include="mainwindow\OperationWatcher.h">
      <Filter>mainwindow</Filter>
    </ClInclude>
    <ClInclude Include="mainwindow\WarnWorkTimeToast.h">
      <Filter>mainwindow</Filter>
    </ClInclude>
    <ClInclude Include="commands\builtin\BuiltinEditDialog.h">
      <Filter>commands\builtin</Filter>
    </ClInclude>
    <ClInclude Include="commands\builtin\BuiltinCommandFactory.h">
      <Filter>commands\builtin</Filter>
    </ClInclude>
    <ClInclude Include="commands\common\UserCommandBase.h">
      <Filter>commands\common</Filter>
    </ClInclude>
    <ClInclude Include="settingwindow\InputHistorySettingPage.h">
      <Filter>settingwindow</Filter>
    </ClInclude>
    <ClInclude Include="commands\activate_window\WindowList.h">
      <Filter>commands\activate_window</Filter>
    </ClInclude>
    <ClInclude Include="app\Manual.h">
      <Filter>app</Filter>
    </ClInclude>
    <ClInclude Include="gui\SinglePageDialog.h">
      <Filter>gui</Filter>
    </ClInclude>
    <ClInclude Include="macros\core\MacroIF.h">
      <Filter>macros\core</Filter>
    </ClInclude>
    <ClInclude Include="macros\core\MacroRepository.h">
      <Filter>macros\core</Filter>
    </ClInclude>
    <ClInclude Include="macros\core\Token.h">
      <Filter>macros\core</Filter>
    </ClInclude>
    <ClInclude Include="macros\builtin\EnvMacro.h">
      <Filter>macros\builtin</Filter>
    </ClInclude>
    <ClInclude Include="macros\core\MacroBase.h">
      <Filter>macros\core</Filter>
    </ClInclude>
    <ClInclude Include="macros\afxw\AfxwMacro.h">
      <Filter>macros\afxw</Filter>
    </ClInclude>
    <ClInclude Include="macros\builtin\ClipboardMacro.h">
      <Filter>macros\builtin</Filter>
    </ClInclude>
    <ClInclude Include="macros\afxw\AfxWWrapper.h">
      <Filter>macros\afxw</Filter>
    </ClInclude>
    <ClInclude Include="macros\random\RandomMacro.h">
      <Filter>macros\random</Filter>
    </ClInclude>
    <ClInclude Include="commands\builtin\DisplayOffCommand.h">
      <Filter>commands\builtin</Filter>
    </ClInclude>
    <ClInclude Include="settingwindow\AppSettingPageCommandPriority.h">
      <Filter>settingwindow</Filter>
    </ClInclude>
    <ClInclude Include="hotkey\KeyInputWatch.h">
      <Filter>hotkey</Filter>
    </ClInclude>
    <ClInclude Include="hotkey\AppHotKeyDialog.h">
      <Filter>hotkey</Filter>
    </ClInclude>
    <ClInclude Include="macros\builtin\BaseNameMacro.h">
      <Filter>macros\builtin</Filter>
    </ClInclude>
    <ClInclude Include="commands\volumecontrol\VolumeCommand.h">
      <Filter>commands\volumecontrol</Filter>
    </ClInclude>
    <ClInclude Include="commands\volumecontrol\VolumeCommandParam.h">
      <Filter>commands\volumecontrol</Filter>
    </ClInclude>
    <ClInclude Include="commands\volumecontrol\VolumeCommandProvider.h">
      <Filter>commands\volumecontrol</Filter>
    </ClInclude>
    <ClInclude Include="commands\volumecontrol\VolumeEditDialog.h">
      <Filter>commands\volumecontrol</Filter>
    </ClInclude>
    <ClInclude Include="commands\volumecontrol\AudioSessionVolume.h">
      <Filter>commands\volumecontrol</Filter>
    </ClInclude>
    <ClInclude Include="commands\mmc\MMCCommand.h">
      <Filter>commands\mmc</Filter>
    </ClInclude>
    <ClInclude Include="commands\mmc\MMCCommandProvider.h">
      <Filter>commands\mmc</Filter>
    </ClInclude>
    <ClInclude Include="commands\mmc\MMCSnapin.h">
      <Filter>commands\mmc</Filter>
    </ClInclude>
    <ClInclude Include="commands\mmc\MMCSnapins.h">
      <Filter>commands\mmc</Filter>
    </ClInclude>
    <ClInclude Include="macros\powerstatus\PowerStatusMacro.h">
      <Filter>macros\macro</Filter>
    </ClInclude>
    <ClInclude Include="commands\ejectvolume\EjectVolume.h">
      <Filter>commands\ejectvolume</Filter>
    </ClInclude>
    <ClInclude Include="commands\ejectvolume\EjectVolumeCommand.h">
      <Filter>commands\ejectvolume</Filter>
    </ClInclude>
    <ClInclude Include="commands\ejectvolume\EjectVolumeProvider.h">
      <Filter>commands\ejectvolume</Filter>
    </ClInclude>
    <ClInclude Include="commands\ejectvolume\EjectVolumeEditDialog.h">
      <Filter>commands\ejectvolume</Filter>
    </ClInclude>
    <ClInclude Include="commands\common\CommandEditValidation.h">
      <Filter>commands\common</Filter>
    </ClInclude>
    <ClInclude Include="commands\everything\Everything-SDK\include\Everything.h">
      <Filter>commands\everything\Everything-SDK\include</Filter>
    </ClInclude>
    <ClInclude Include="commands\everything\Everything-SDK\ipc\everything_ipc.h">
      <Filter>commands\everything\Everything-SDK\ipc</Filter>
    </ClInclude>
    <ClInclude Include="commands\everything\EverythingCommand.h">
      <Filter>commands\everything</Filter>
    </ClInclude>
    <ClInclude Include="commands\everything\EverythingCommandEditDialog.h">
      <Filter>commands\everything</Filter>
    </ClInclude>
    <ClInclude Include="commands\everything\EverythingCommandParam.h">
      <Filter>commands\everything</Filter>
    </ClInclude>
    <ClInclude Include="commands\everything\EverythingCommandProvider.h">
      <Filter>commands\everything</Filter>
    </ClInclude>
    <ClInclude Include="commands\everything\EverythingResult.h">
      <Filter>commands\everything</Filter>
    </ClInclude>
    <ClInclude Include="commands\everything\EverythingAdhocCommand.h">
      <Filter>commands\everything</Filter>
    </ClInclude>
    <ClInclude Include="commands\everything\AppSettingEverythingPage.h">
      <Filter>commands\everything</Filter>
    </ClInclude>
    <ClInclude Include="commands\everything\EverythingProxy.h">
      <Filter>commands\everything</Filter>
    </ClInclude>
    <ClInclude Include="mainwindow\MainWindowDeactivateBlocker.h">
      <Filter>mainwindow</Filter>
    </ClInclude>
    <ClInclude Include="commands\filter\FilterAdhocCommand.h">
      <Filter>commands\filter</Filter>
    </ClInclude>
    <ClInclude Include="commands\core\CommandEntryIF.h">
      <Filter>commands\core</Filter>
    </ClInclude>
    <ClInclude Include="commands\core\CommandFileEntry.h">
      <Filter>commands\core</Filter>
    </ClInclude>
    <ClInclude Include="commands\websearch\WebSearchAdhocCommand.h">
      <Filter>commands\websearch</Filter>
    </ClInclude>
    <ClInclude Include="commands\watchpath\WatchTarget.h">
      <Filter>commands\watchpath</Filter>
    </ClInclude>
    <ClInclude Include="commands\watchpath\UNCPathTarget.h">
      <Filter>commands\watchpath</Filter>
    </ClInclude>
    <ClInclude Include="commands\watchpath\LocalPathTarget.h">
      <Filter>commands\watchpath</Filter>
    </ClInclude>
    <ClInclude Include="gui\DDXWrapper.h">
      <Filter>gui</Filter>
    </ClInclude>
    <ClInclude Include="commands\align_window\AlignWindowCommandParamItem.h">
      <Filter>commands\align_window</Filter>
    </ClInclude>
    <ClInclude Include="commands\decodestring\DecodeBase64Command.h">
      <Filter>commands\decodestring</Filter>
    </ClInclude>
    <ClInclude Include="commands\webhistory\WebHistoryCommand.h">
      <Filter>commands\webhistory</Filter>
    </ClInclude>
    <ClInclude Include="commands\webhistory\WebHistoryCommandParam.h">
      <Filter>commands\webhistory</Filter>
    </ClInclude>
    <ClInclude Include="commands\webhistory\WebHistoryProvider.h">
      <Filter>commands\webhistory</Filter>
    </ClInclude>
    <ClInclude Include="commands\webhistory\WebHistorySettingDialog.h">
      <Filter>commands\webhistory</Filter>
    </ClInclude>
    <ClInclude Include="commands\webhistory\WebHistoryAdhocCommand.h">
      <Filter>commands\webhistory</Filter>
    </ClInclude>
    <ClInclude Include="commands\webhistory\ChromiumBrowseHistory.h">
      <Filter>commands\webhistory</Filter>
    </ClInclude>
    <ClInclude Include="commands\bookmarks\BookmarkCommand.h">
      <Filter>commands\bookmarks</Filter>
    </ClInclude>
    <ClInclude Include="commands\bookmarks\BookmarkCommandParam.h">
      <Filter>commands\bookmarks</Filter>
    </ClInclude>
    <ClInclude Include="commands\bookmarks\BookmarkSettingDialog.h">
      <Filter>commands\bookmarks</Filter>
    </ClInclude>
    <ClInclude Include="utility\VersionInfo.h">
      <Filter>utility</Filter>
    </ClInclude>
    <ClInclude Include="utility\Path.h">
      <Filter>utility</Filter>
    </ClInclude>
    <ClInclude Include="commands\builtin\CopyClipboardCommand.h">
      <Filter>commands\builtin</Filter>
    </ClInclude>
    <ClInclude Include="commands\core\DefaultCommand.h">
      <Filter>commands\core</Filter>
    </ClInclude>
    <ClInclude Include="matcher\CommandToken.h">
      <Filter>matcher</Filter>
    </ClInclude>
    <ClInclude Include="commands\url_directoryindex\URLDirectoryIndexCommand.h">
      <Filter>commands\url_directoryindex</Filter>
    </ClInclude>
    <ClInclude Include="commands\url_directoryindex\URLDirectoryIndexCommandEditDialog.h">
      <Filter>commands\url_directoryindex</Filter>
    </ClInclude>
    <ClInclude Include="commands\url_directoryindex\URLDirectoryIndexCommandParam.h">
      <Filter>commands\url_directoryindex</Filter>
    </ClInclude>
    <ClInclude Include="commands\url_directoryindex\URLDirectoryIndexCommandProvider.h">
      <Filter>commands\url_directoryindex</Filter>
    </ClInclude>
    <ClInclude Include="commands\url_directoryindex\DirectoryIndexAdhocCommand.h">
      <Filter>commands\url_directoryindex</Filter>
    </ClInclude>
    <ClInclude Include="commands\url_directoryindex\DirectoryIndexQueryResult.h">
      <Filter>commands\url_directoryindex</Filter>
    </ClInclude>
    <ClInclude Include="utility\AES.h">
      <Filter>utility</Filter>
    </ClInclude>
    <ClInclude Include="commands\keysplitter\KeySplitterParam.h">
      <Filter>commands\keysplitter</Filter>
    </ClInclude>
    <ClInclude Include="commands\keysplitter\KeySplitterModifierState.h">
      <Filter>commands\keysplitter</Filter>
    </ClInclude>
    <ClInclude Include="commands\keysplitter\KeySplitterEditDialog.h">
      <Filter>commands\keysplitter</Filter>
    </ClInclude>
    <ClInclude Include="commands\keysplitter\KeySplitterModifierDialog.h">
      <Filter>commands\keysplitter</Filter>
    </ClInclude>
    <ClInclude Include="commands\keysplitter\KeySplitterCommand.h">
      <Filter>commands\keysplitter</Filter>
    </ClInclude>
    <ClInclude Include="commands\keysplitter\KeySplitterCommandProvider.h">
      <Filter>commands\keysplitter</Filter>
    </ClInclude>
    <ClInclude Include="gui\ColorScheme.h">
      <Filter>gui</Filter>
    </ClInclude>
    <ClInclude Include="gui\ColorSettings.h">
      <Filter>gui</Filter>
    </ClInclude>
    <ClInclude Include="gui\SystemColorScheme.h">
      <Filter>gui</Filter>
    </ClInclude>
    <ClInclude Include="settingwindow\AppSettingPageColor.h">
      <Filter>settingwindow</Filter>
    </ClInclude>
    <ClInclude Include="gui\ImageLabel.h">
      <Filter>gui</Filter>
    </ClInclude>
    <ClInclude Include="gui\CustomColorScheme.h">
      <Filter>gui</Filter>
    </ClInclude>
    <ClInclude Include="commands\common\UserCommandProviderBase.h">
      <Filter>commands\common</Filter>
    </ClInclude>
    <ClInclude Include="mainwindow\MainWindowLayoutIF.h">
      <Filter>mainwindow</Filter>
    </ClInclude>
    <ClInclude Include="commands\extracandidate\ExtraCandidateProvider.h">
      <Filter>commands\extracandidate</Filter>
    </ClInclude>
    <ClInclude Include="commands\simple_dict\DictionaryLoader.h">
      <Filter>commands\simple_dict</Filter>
    </ClInclude>
    <ClInclude Include="commands\simple_dict\SimpleDictionary.h">
      <Filter>commands\simple_dict</Filter>
    </ClInclude>
    <ClInclude Include="commands\common\CommandParameterFunctions.h">
      <Filter>commands\common</Filter>
    </ClInclude>
    <ClInclude Include="commands\builtin\EditCandidateCommand.h">
      <Filter>commands\builtin</Filter>
    </ClInclude>
    <ClInclude Include="commands\builtin\DeleteCandidateCommand.h">
      <Filter>commands\builtin</Filter>
    </ClInclude>
    <ClInclude Include="app\AppProcess.h">
      <Filter>app</Filter>
    </ClInclude>
    <ClInclude Include="commands\core\CommandEditDialogIF.h">
      <Filter>commands\core</Filter>
    </ClInclude>
    <ClInclude Include="commands\core\EditableIF.h">
      <Filter>commands\core</Filter>
    </ClInclude>
    <ClInclude Include="commands\align_window\AlignWindowCommandEditor.h">
      <Filter>commands\align_window</Filter>
    </ClInclude>
    <ClInclude Include="commands\activate_window\WindowActivateCommandEditor.h">
      <Filter>commands\activate_window</Filter>
    </ClInclude>
    <ClInclude Include="commands\ejectvolume\EjectVolumeCommandEditor.h">
      <Filter>commands\ejectvolume</Filter>
    </ClInclude>
    <ClInclude Include="commands\keysplitter\KeySplitterCommandEditor.h">
      <Filter>commands\keysplitter</Filter>
    </ClInclude>
    <ClInclude Include="commands\everything\EverythingCommandEditor.h">
      <Filter>commands\everything</Filter>
    </ClInclude>
    <ClInclude Include="commands\url_directoryindex\URLDirectoryIndexCommandEditor.h">
      <Filter>commands\url_directoryindex</Filter>
    </ClInclude>
    <ClInclude Include="commands\simple_dict\SimpleDictCommandEditor.h">
      <Filter>commands\simple_dict</Filter>
    </ClInclude>
    <ClInclude Include="commands\volumecontrol\VolumeCommandEditor.h">
      <Filter>commands\volumecontrol</Filter>
    </ClInclude>
    <ClInclude Include="commands\webhistory\WebHistoryCommandEditor.h">
      <Filter>commands\webhistory</Filter>
    </ClInclude>
    <ClInclude Include="commands\websearch\WebSearchCommandEditor.h">
      <Filter>commands\websearch</Filter>
    </ClInclude>
    <ClInclude Include="commands\filter\FilterCommandEditor.h">
      <Filter>commands\filter</Filter>
    </ClInclude>
    <ClInclude Include="commands\group\GroupCommandEditor.h">
      <Filter>commands\group</Filter>
    </ClInclude>
    <ClInclude Include="commands\regexp\RegExpCommandEditor.h">
      <Filter>commands\regexp</Filter>
    </ClInclude>
    <ClInclude Include="commands\regexp\RegExpCommandParam.h">
      <Filter>commands\regexp</Filter>
    </ClInclude>
    <ClInclude Include="commands\snippet\SnippetCommandEditor.h">
      <Filter>commands\snippet</Filter>
    </ClInclude>
    <ClInclude Include="commands\snippet\SnippetCommandParam.h">
      <Filter>commands\snippet</Filter>
    </ClInclude>
    <ClInclude Include="commands\watchpath\WatchPathCommandParam.h">
      <Filter>commands\watchpath</Filter>
    </ClInclude>
    <ClInclude Include="commands\watchpath\WatchPathCommandEditor.h">
      <Filter>commands\watchpath</Filter>
    </ClInclude>
    <ClInclude Include="commands\shellexecute\ShellExecCommandEditor.h">
      <Filter>commands\shellexecute</Filter>
    </ClInclude>
    <ClInclude Include="commands\bookmarks\BookmarkCommandEditor.h">
      <Filter>commands\bookmarks</Filter>
    </ClInclude>
    <ClInclude Include="commands\builtin\BuiltinCommandEditor.h">
      <Filter>commands\builtin</Filter>
    </ClInclude>
    <ClInclude Include="mainwindow\layout\MainWindowLayout.h">
      <Filter>mainwindow\layout</Filter>
    </ClInclude>
    <ClInclude Include="utility\HWNDRect.h">
      <Filter>utility</Filter>
    </ClInclude>
    <ClInclude Include="mainwindow\layout\ComponentPlacer.h">
      <Filter>mainwindow\layout</Filter>
    </ClInclude>
    <ClInclude Include="mainwindow\layout\DefaultComponentPlacer.h">
      <Filter>mainwindow\layout</Filter>
    </ClInclude>
    <ClInclude Include="mainwindow\layout\MainWindowPlacement.h">
      <Filter>mainwindow\layout</Filter>
    </ClInclude>
    <ClInclude Include="mainwindow\layout\NoGuideComponentPlacer.h">
      <Filter>mainwindow\layout</Filter>
    </ClInclude>
    <ClInclude Include="mainwindow\layout\NoIconComponentPlacer.h">
      <Filter>mainwindow\layout</Filter>
    </ClInclude>
    <ClInclude Include="mainwindow\layout\NoGuideNoIconComponentPlacer.h">
      <Filter>mainwindow\layout</Filter>
    </ClInclude>
    <ClInclude Include="utility\WinHttp.h">
      <Filter>utility</Filter>
    </ClInclude>
    <ClInclude Include="utility\WinHttpHandle.h">
      <Filter>utility</Filter>
    </ClInclude>
    <ClInclude Include="mainwindow\WindowAppearanceIF.h">
      <Filter>mainwindow</Filter>
    </ClInclude>
    <ClInclude Include="mainwindow\MainWindowAppearance.h">
      <Filter>mainwindow</Filter>
    </ClInclude>
    <ClInclude Include="mainwindow\LauncherInputStatusIF.h">
      <Filter>mainwindow</Filter>
    </ClInclude>
    <ClInclude Include="mainwindow\LauncherMainWindowIF.h">
      <Filter>mainwindow</Filter>
    </ClInclude>
    <ClInclude Include="mainwindow\layout\WindowPosition.h">
      <Filter>mainwindow\layout</Filter>
    </ClInclude>
    <ClInclude Include="mainwindow\MainWindowInput.h">
      <Filter>mainwindow</Filter>
    </ClInclude>
    <ClInclude Include="macros\builtin\AppNameMacro.h">
      <Filter>macros\builtin</Filter>
    </ClInclude>
    <ClInclude Include="hotkey\VirtualKeyDefine.h">
      <Filter>hotkey</Filter>
    </ClInclude>
    <ClInclude Include="hotkey\CommandHotKeyAttribute.h">
      <Filter>hotkey</Filter>
    </ClInclude>
    <ClInclude Include="hotkey\SandSKeyAttribute.h">
      <Filter>hotkey</Filter>
    </ClInclude>
    <ClInclude Include="hotkey\SandSKeyState.h">
      <Filter>hotkey</Filter>
    </ClInclude>
    <ClInclude Include="commands\snippetgroup\SnippetGroupAdhocCommand.h">
      <Filter>commands\snippetgroup</Filter>
    </ClInclude>
    <ClInclude Include="commands\snippetgroup\SnippetGroupCommand.h">
      <Filter>commands\snippetgroup</Filter>
    </ClInclude>
    <ClInclude Include="commands\snippetgroup\SnippetGroupCommandEditor.h">
      <Filter>commands\snippetgroup</Filter>
    </ClInclude>
    <ClInclude Include="commands\snippetgroup\SnippetGroupEditDialog.h">
      <Filter>commands\snippetgroup</Filter>
    </ClInclude>
    <ClInclude Include="commands\snippetgroup\SnippetGroupItem.h">
      <Filter>commands\snippetgroup</Filter>
    </ClInclude>
    <ClInclude Include="commands\snippetgroup\SnippetGroupItemDialog.h">
      <Filter>commands\snippetgroup</Filter>
    </ClInclude>
    <ClInclude Include="commands\snippetgroup\SnippetGroupParam.h">
      <Filter>commands\snippetgroup</Filter>
    </ClInclude>
    <ClInclude Include="commands\snippetgroup\SnippetGroupProvider.h">
      <Filter>commands\snippetgroup</Filter>
    </ClInclude>
    <ClInclude Include="macros\builtin\DateMacro.h">
      <Filter>macros\builtin</Filter>
    </ClInclude>
    <ClInclude Include="commands\simple_dict\SimpleDictPreviewDialog.h">
      <Filter>commands\simple_dict</Filter>
    </ClInclude>
    <ClInclude Include="commands\builtin\RestartCommand.h">
      <Filter>commands\builtin</Filter>
    </ClInclude>
    <ClInclude Include="commands\activate_worksheet\ActivateWorksheetProvider.h">
      <Filter>commands\activate_worksheet</Filter>
    </ClInclude>
    <ClInclude Include="commands\activate_worksheet\CalcWorksheetCommand.h">
      <Filter>commands\activate_worksheet</Filter>
    </ClInclude>
    <ClInclude Include="commands\activate_worksheet\CalcWorkSheets.h">
      <Filter>commands\activate_worksheet</Filter>
    </ClInclude>
    <ClInclude Include="commands\activate_worksheet\ExcelWorkSheets.h">
      <Filter>commands\activate_worksheet</Filter>
    </ClInclude>
    <ClInclude Include="commands\activate_worksheet\WorksheetCommand.h">
      <Filter>commands\activate_worksheet</Filter>
    </ClInclude>
    <ClInclude Include="commands\common\AutoWrap.h">
      <Filter>commands\common</Filter>
    </ClInclude>
  </ItemGroup>
  <ItemGroup>
    <ClCompile Include="pch.cpp">
      <Filter>ソース ファイル</Filter>
    </ClCompile>
    <ClCompile Include="utility\ShortcutFile.cpp">
      <Filter>utility</Filter>
    </ClCompile>
    <ClCompile Include="gui/FolderDialog.cpp">
      <Filter>gui</Filter>
    </ClCompile>
    <ClCompile Include="gui/SelectFilesDialog.cpp">
      <Filter>gui</Filter>
    </ClCompile>
    <ClCompile Include="utility/AppProfile.cpp">
      <Filter>utility</Filter>
    </ClCompile>
    <ClCompile Include="utility/IniFile.cpp">
      <Filter>utility</Filter>
    </ClCompile>
    <ClCompile Include="gui/KeywordEdit.cpp">
      <Filter>gui</Filter>
    </ClCompile>
    <ClCompile Include="gui/KeywordManagerDialog.cpp">
      <Filter>gui</Filter>
    </ClCompile>
    <ClCompile Include="gui\SettingPage.cpp">
      <Filter>gui</Filter>
    </ClCompile>
    <ClCompile Include="utility\ProcessPath.cpp">
      <Filter>utility</Filter>
    </ClCompile>
    <ClCompile Include="commands\shellexecute\ShellExecCommand.cpp">
      <Filter>commands\shellexecute</Filter>
    </ClCompile>
    <ClCompile Include="commands\shellexecute\ShellExecCommandProvider.cpp">
      <Filter>commands\shellexecute</Filter>
    </ClCompile>
    <ClCompile Include="commands\builtin\EditCommand.cpp">
      <Filter>commands\builtin</Filter>
    </ClCompile>
    <ClCompile Include="commands\builtin\ExitCommand.cpp">
      <Filter>commands\builtin</Filter>
    </ClCompile>
    <ClCompile Include="commands\builtin\MainDirCommand.cpp">
      <Filter>commands\builtin</Filter>
    </ClCompile>
    <ClCompile Include="commands\builtin\ManagerCommand.cpp">
      <Filter>commands\builtin</Filter>
    </ClCompile>
    <ClCompile Include="commands\builtin\NewCommand.cpp">
      <Filter>commands\builtin</Filter>
    </ClCompile>
    <ClCompile Include="commands\builtin\BuiltinCommandProvider.cpp">
      <Filter>commands\builtin</Filter>
    </ClCompile>
    <ClCompile Include="commands\builtin\RegistWinCommand.cpp">
      <Filter>commands\builtin</Filter>
    </ClCompile>
    <ClCompile Include="commands\builtin\ReloadCommand.cpp">
      <Filter>commands\builtin</Filter>
    </ClCompile>
    <ClCompile Include="commands\builtin\SettingCommand.cpp">
      <Filter>commands\builtin</Filter>
    </ClCompile>
    <ClCompile Include="commands\builtin\UserDirCommand.cpp">
      <Filter>commands\builtin</Filter>
    </ClCompile>
    <ClCompile Include="commands\builtin\VersionCommand.cpp">
      <Filter>commands\builtin</Filter>
    </ClCompile>
    <ClCompile Include="commands\pathfind\PathExeAdhocCommandProvider.cpp">
      <Filter>commands\pathfind</Filter>
    </ClCompile>
    <ClCompile Include="commands\pathfind\PathExecuteCommand.cpp">
      <Filter>commands\pathfind</Filter>
    </ClCompile>
    <ClCompile Include="commands\group\GroupCommand.cpp">
      <Filter>commands\group</Filter>
    </ClCompile>
    <ClCompile Include="commands\group\GroupCommandProvider.cpp">
      <Filter>commands\group</Filter>
    </ClCompile>
    <ClCompile Include="commands\group\GroupEditDialog.cpp">
      <Filter>commands\group</Filter>
    </ClCompile>
    <ClCompile Include="commands\group\CommandParam.cpp">
      <Filter>commands\group</Filter>
    </ClCompile>
    <ClCompile Include="gui\ModalComboBox.cpp">
      <Filter>gui</Filter>
    </ClCompile>
    <ClCompile Include="commands\common\ExpandFunctions.cpp">
      <Filter>commands\common</Filter>
    </ClCompile>
    <ClCompile Include="commands\filter\FilterCommand.cpp">
      <Filter>commands\filter</Filter>
    </ClCompile>
    <ClCompile Include="commands\filter\FilterCommandProvider.cpp">
      <Filter>commands\filter</Filter>
    </ClCompile>
    <ClCompile Include="utility\Pipe.cpp">
      <Filter>utility</Filter>
    </ClCompile>
    <ClCompile Include="commands\filter\FilterEditDialog.cpp">
      <Filter>commands\filter</Filter>
    </ClCompile>
    <ClCompile Include="commands\filter\FilterCommandParam.cpp">
      <Filter>commands\filter</Filter>
    </ClCompile>
    <ClCompile Include="commands\builtin\ChangeDirectoryCommand.cpp">
      <Filter>commands\builtin</Filter>
    </ClCompile>
    <ClCompile Include="commands\builtin\DeleteCommand.cpp">
      <Filter>commands\builtin</Filter>
    </ClCompile>
    <ClCompile Include="commands\mailto\MailToCommand.cpp">
      <Filter>commands\mailto</Filter>
    </ClCompile>
    <ClCompile Include="commands\mailto\MailToCommandProvider.cpp">
      <Filter>commands\mailto</Filter>
    </ClCompile>
    <ClCompile Include="commands\shellexecute\CommandEditDialog.cpp">
      <Filter>commands\shellexecute</Filter>
    </ClCompile>
    <ClCompile Include="commands\regexp\RegExpCommand.cpp">
      <Filter>commands\regexp</Filter>
    </ClCompile>
    <ClCompile Include="commands\regexp\RegExpCommandEditDialog.cpp">
      <Filter>commands\regexp</Filter>
    </ClCompile>
    <ClCompile Include="commands\regexp\RegExpCommandProvider.cpp">
      <Filter>commands\regexp</Filter>
    </ClCompile>
    <ClCompile Include="utility\LocalPathResolver.cpp">
      <Filter>utility</Filter>
    </ClCompile>
    <ClCompile Include="commands\common\ExecuteHistory.cpp">
      <Filter>commands\common</Filter>
    </ClCompile>
    <ClCompile Include="commands\history\HistoryCommand.cpp">
      <Filter>commands\history</Filter>
    </ClCompile>
    <ClCompile Include="commands\history\HistoryCommandProvider.cpp">
      <Filter>commands\history</Filter>
    </ClCompile>
    <ClCompile Include="gui\SettingDialogBase.cpp">
      <Filter>gui</Filter>
    </ClCompile>
    <ClCompile Include="commands\shellexecute\ShellExecCommandParam.cpp">
      <Filter>commands\shellexecute</Filter>
    </ClCompile>
    <ClCompile Include="commands\shellexecute\ShellExecSettingDialog.cpp">
      <Filter>commands\shellexecute</Filter>
    </ClCompile>
    <ClCompile Include="commands\shellexecute\ShellExecEditDetailPage.cpp">
      <Filter>commands\shellexecute</Filter>
    </ClCompile>
    <ClCompile Include="commands\shellexecute\ArgumentDialog.cpp">
      <Filter>commands\shellexecute</Filter>
    </ClCompile>
    <ClCompile Include="commands\calculator\Calculator.cpp">
      <Filter>commands\calculator</Filter>
    </ClCompile>
    <ClCompile Include="commands\calculator\CalculatorAdhocCommandProvider.cpp">
      <Filter>commands\calculator</Filter>
    </ClCompile>
    <ClCompile Include="commands\calculator\CalculatorCommand.cpp">
      <Filter>commands\calculator</Filter>
    </ClCompile>
    <ClCompile Include="commands\bookmarks\BookmarkCommandProvider.cpp">
      <Filter>commands\bookmarks</Filter>
    </ClCompile>
    <ClCompile Include="commands\bookmarks\Bookmarks.cpp">
      <Filter>commands\bookmarks</Filter>
    </ClCompile>
    <ClCompile Include="commands\activate_window\ActivateWindowProvider.cpp">
      <Filter>commands\activate_window</Filter>
    </ClCompile>
    <ClCompile Include="commands\activate_window\WindowActivateCommand.cpp">
      <Filter>commands\activate_window</Filter>
    </ClCompile>
    <ClCompile Include="utility\CharConverter.cpp">
      <Filter>utility</Filter>
    </ClCompile>
    <ClCompile Include="commands\controlpanel\ControllPanel.cpp">
      <Filter>commands\controllpanel</Filter>
    </ClCompile>
    <ClCompile Include="commands\controlpanel\ControlPanelCommand.cpp">
      <Filter>commands\controllpanel</Filter>
    </ClCompile>
    <ClCompile Include="commands\common\AdhocCommandProviderBase.cpp">
      <Filter>commands\common</Filter>
    </ClCompile>
    <ClCompile Include="commands\env\EnvCommand.cpp">
      <Filter>commands\env</Filter>
    </ClCompile>
    <ClCompile Include="commands\env\EnvCommandProvider.cpp">
      <Filter>commands\env</Filter>
    </ClCompile>
    <ClCompile Include="commands\color\ColorCommand.cpp">
      <Filter>commands\color</Filter>
    </ClCompile>
    <ClCompile Include="commands\color\ColorCommandProvider.cpp">
      <Filter>commands\color</Filter>
    </ClCompile>
    <ClCompile Include="commands\vmware\VMXFileCommand.cpp">
      <Filter>commands\vmware</Filter>
    </ClCompile>
    <ClCompile Include="commands\vmware\VMXFileCommandProvider.cpp">
      <Filter>commands\vmware</Filter>
    </ClCompile>
    <ClCompile Include="commands\common\AdhocCommandBase.cpp">
      <Filter>commands\common</Filter>
    </ClCompile>
    <ClCompile Include="utility\Sound.cpp">
      <Filter>utility</Filter>
    </ClCompile>
    <ClCompile Include="commands\activate_window\WindowActivateAdhocCommand.cpp">
      <Filter>commands\activate_window</Filter>
    </ClCompile>
    <ClCompile Include="commands\activate_window\WindowActivateCommandParam.cpp">
      <Filter>commands\activate_window</Filter>
    </ClCompile>
    <ClCompile Include="commands\activate_window\WindowActivateSettingDialog.cpp">
      <Filter>commands\activate_window</Filter>
    </ClCompile>
    <ClCompile Include="commands\websearch\WebSearchCommand.cpp">
      <Filter>commands\websearch</Filter>
    </ClCompile>
    <ClCompile Include="commands\websearch\WebSearchCommandParam.cpp">
      <Filter>commands\websearch</Filter>
    </ClCompile>
    <ClCompile Include="commands\websearch\WebSearchProvider.cpp">
      <Filter>commands\websearch</Filter>
    </ClCompile>
    <ClCompile Include="commands\websearch\WebSearchSettingDialog.cpp">
      <Filter>commands\websearch</Filter>
    </ClCompile>
    <ClCompile Include="utility\RegistryKey.cpp">
      <Filter>utility</Filter>
    </ClCompile>
    <ClCompile Include="commands\common\Clipboard.cpp">
      <Filter>commands\common</Filter>
    </ClCompile>
    <ClCompile Include="commands\color\HSL.cpp">
      <Filter>commands\color</Filter>
    </ClCompile>
    <ClCompile Include="commands\specialfolderfiles\SpecialFolderFileCommand.cpp">
      <Filter>commands\specialfolderfiles</Filter>
    </ClCompile>
    <ClCompile Include="commands\specialfolderfiles\SpecialFolderFiles.cpp">
      <Filter>commands\specialfolderfiles</Filter>
    </ClCompile>
    <ClCompile Include="commands\specialfolderfiles\SpecialFolderFilesCommandProvider.cpp">
      <Filter>commands\specialfolderfiles</Filter>
    </ClCompile>
    <ClCompile Include="commands\uwp\UWPApplications.cpp">
      <Filter>commands\uwp</Filter>
    </ClCompile>
    <ClCompile Include="commands\uwp\UWPCommand.cpp">
      <Filter>commands\uwp</Filter>
    </ClCompile>
    <ClCompile Include="commands\uwp\UWPCommandProvider.cpp">
      <Filter>commands\uwp</Filter>
    </ClCompile>
    <ClCompile Include="utility\Accessibility.cpp">
      <Filter>utility</Filter>
    </ClCompile>
    <ClCompile Include="commands\specialfolderfiles\SpecialFolderFile.cpp">
      <Filter>commands\specialfolderfiles</Filter>
    </ClCompile>
    <ClCompile Include="commands\common\SubProcess.cpp">
      <Filter>commands\common</Filter>
    </ClCompile>
    <ClCompile Include="commands\outlook\MailCommand.cpp">
      <Filter>commands\outlook</Filter>
    </ClCompile>
    <ClCompile Include="commands\outlook\OutlookItemProvider.cpp">
      <Filter>commands\outlook</Filter>
    </ClCompile>
    <ClCompile Include="commands\outlook\OutlookItems.cpp">
      <Filter>commands\outlook</Filter>
    </ClCompile>
    <ClCompile Include="commands\decodestring\DecodeStringCommandProvider.cpp">
      <Filter>commands\decodestring</Filter>
    </ClCompile>
    <ClCompile Include="commands\decodestring\DecodeUriCommand.cpp">
      <Filter>commands\decodestring</Filter>
    </ClCompile>
    <ClCompile Include="commands\decodestring\EscapedCharCommand.cpp">
      <Filter>commands\decodestring</Filter>
    </ClCompile>
    <ClCompile Include="commands\builtin\BuiltinCommandBase.cpp">
      <Filter>commands\builtin</Filter>
    </ClCompile>
    <ClCompile Include="commands\getip\GetIPCommandProvider.cpp">
      <Filter>commands\getip</Filter>
    </ClCompile>
    <ClCompile Include="commands\getip\GetIPCommand.cpp">
      <Filter>commands\getip</Filter>
    </ClCompile>
    <ClCompile Include="commands\snippet\SnippetCommand.cpp">
      <Filter>commands\snippet</Filter>
    </ClCompile>
    <ClCompile Include="commands\snippet\SnippetCommandEditDialog.cpp">
      <Filter>commands\snippet</Filter>
    </ClCompile>
    <ClCompile Include="commands\snippet\SnippetCommandProvider.cpp">
      <Filter>commands\snippet</Filter>
    </ClCompile>
    <ClCompile Include="commands\snippet\RegisterSnippetCommand.cpp">
      <Filter>commands\snippet</Filter>
    </ClCompile>
    <ClCompile Include="commands\common\Message.cpp">
      <Filter>commands\common</Filter>
    </ClCompile>
    <ClCompile Include="commands\timespan\TimespanCommand.cpp">
      <Filter>commands\timespan</Filter>
    </ClCompile>
    <ClCompile Include="commands\timespan\TimespanCommandProvider.cpp">
      <Filter>commands\timespan</Filter>
    </ClCompile>
    <ClCompile Include="utility\PythonDLL.cpp">
      <Filter>utility</Filter>
    </ClCompile>
    <ClCompile Include="commands\align_window\AlignWindowCommand.cpp">
      <Filter>commands\align_window</Filter>
    </ClCompile>
    <ClCompile Include="commands\align_window\AlignWindowCommandParam.cpp">
      <Filter>commands\align_window</Filter>
    </ClCompile>
    <ClCompile Include="commands\align_window\AlignWindowItemSettingDialog.cpp">
      <Filter>commands\align_window</Filter>
    </ClCompile>
    <ClCompile Include="commands\align_window\AlignWindowSettingDialog.cpp">
      <Filter>commands\align_window</Filter>
    </ClCompile>
    <ClCompile Include="commands\align_window\AlignWindowProvider.cpp">
      <Filter>commands\align_window</Filter>
    </ClCompile>
    <ClCompile Include="commands\pathconvert\GitBashToLocalPathAdhocCommand.cpp">
      <Filter>commands\pathconvert</Filter>
    </ClCompile>
    <ClCompile Include="commands\pathconvert\LocalToGitBashPathAdhocCommand.cpp">
      <Filter>commands\pathconvert</Filter>
    </ClCompile>
    <ClCompile Include="commands\pathconvert\PathConvertProvider.cpp">
      <Filter>commands\pathconvert</Filter>
    </ClCompile>
    <ClCompile Include="commands\pathconvert\FileProtocolConvertAdhocCommand.cpp">
      <Filter>commands\pathconvert</Filter>
    </ClCompile>
    <ClCompile Include="utility\SHA1.cpp">
      <Filter>utility</Filter>
    </ClCompile>
    <ClCompile Include="commands\pathconvert\AppSettingPathConvertPage.cpp">
      <Filter>commands\pathconvert</Filter>
    </ClCompile>
    <ClCompile Include="utility\SQLite3Wrapper.cpp">
      <Filter>utility</Filter>
    </ClCompile>
    <ClCompile Include="utility\SQLite3Database.cpp">
      <Filter>utility</Filter>
    </ClCompile>
    <ClCompile Include="commands\bookmarks\URLCommand.cpp">
      <Filter>commands\bookmarks</Filter>
    </ClCompile>
    <ClCompile Include="commands\simple_dict\ExcelWrapper.cpp">
      <Filter>commands\simple_dict</Filter>
    </ClCompile>
    <ClCompile Include="commands\simple_dict\SimpleDictCommand.cpp">
      <Filter>commands\simple_dict</Filter>
    </ClCompile>
    <ClCompile Include="commands\simple_dict\SimpleDictEditDialog.cpp">
      <Filter>commands\simple_dict</Filter>
    </ClCompile>
    <ClCompile Include="commands\simple_dict\SimpleDictProvider.cpp">
      <Filter>commands\simple_dict</Filter>
    </ClCompile>
    <ClCompile Include="commands\simple_dict\SimpleDictAdhocCommand.cpp">
      <Filter>commands\simple_dict</Filter>
    </ClCompile>
    <ClCompile Include="commands\unitconvert\InchAdhocCommand.cpp">
      <Filter>commands\unitconvert</Filter>
    </ClCompile>
    <ClCompile Include="commands\unitconvert\UnitConvertProvider.cpp">
      <Filter>commands\unitconvert</Filter>
    </ClCompile>
    <ClCompile Include="commands\builtin\EmptyRecycleBinCommand.cpp">
      <Filter>commands\builtin</Filter>
    </ClCompile>
    <ClCompile Include="commands\builtin\LogOffCommand.cpp">
      <Filter>commands\builtin</Filter>
    </ClCompile>
    <ClCompile Include="commands\builtin\ShutdownCommand.cpp">
      <Filter>commands\builtin</Filter>
    </ClCompile>
    <ClCompile Include="commands\builtin\RebootCommand.cpp">
      <Filter>commands\builtin</Filter>
    </ClCompile>
    <ClCompile Include="commands\builtin\LockScreenCommand.cpp">
      <Filter>commands\builtin</Filter>
    </ClCompile>
    <ClCompile Include="commands\builtin\StandbyCommand.cpp">
      <Filter>commands\builtin</Filter>
    </ClCompile>
    <ClCompile Include="commands\builtin\SuspendCommand.cpp">
      <Filter>commands\builtin</Filter>
    </ClCompile>
    <ClCompile Include="commands\watchpath\PathWatcher.cpp">
      <Filter>commands\watchpath</Filter>
    </ClCompile>
    <ClCompile Include="commands\watchpath\WatchPathCommand.cpp">
      <Filter>commands\watchpath</Filter>
    </ClCompile>
    <ClCompile Include="commands\watchpath\WatchPathCommandEditDialog.cpp">
      <Filter>commands\watchpath</Filter>
    </ClCompile>
    <ClCompile Include="commands\watchpath\WatchPathCommandProvider.cpp">
      <Filter>commands\watchpath</Filter>
    </ClCompile>
    <ClCompile Include="commands\presentation\PresentationProvider.cpp">
      <Filter>commands\presentation</Filter>
    </ClCompile>
    <ClCompile Include="commands\presentation\Presentations.cpp">
      <Filter>commands\presentation</Filter>
    </ClCompile>
    <ClCompile Include="commands\presentation\PptJumpCommand.cpp">
      <Filter>commands\presentation</Filter>
    </ClCompile>
    <ClCompile Include="commands\presentation\PowerPointWindow.cpp">
      <Filter>commands\presentation</Filter>
    </ClCompile>
    <ClCompile Include="commands\builtin\AfxChangeDirectoryCommand.cpp">
      <Filter>commands\builtin</Filter>
    </ClCompile>
    <ClCompile Include="commands\filter\FilterExecutor.cpp">
      <Filter>commands\filter</Filter>
    </ClCompile>
    <ClCompile Include="icon/IconLoader.cpp">
      <Filter>icon</Filter>
    </ClCompile>
    <ClCompile Include="mainwindow/LauncherMainWindow.cpp">
      <Filter>mainwindow</Filter>
    </ClCompile>
    <ClCompile Include="mainwindow\CandidateListCtrl.cpp">
      <Filter>mainwindow</Filter>
    </ClCompile>
    <ClCompile Include="mainwindow/CmdReceiveEdit.cpp">
      <Filter>mainwindow</Filter>
    </ClCompile>
    <ClCompile Include="mainwindow/LauncherDropTarget.cpp">
      <Filter>mainwindow</Filter>
    </ClCompile>
    <ClCompile Include="commands/builtin/AboutDlg.cpp">
      <Filter>commands\builtin</Filter>
    </ClCompile>
    <ClCompile Include="mainwindow/CandidateList.cpp">
      <Filter>mainwindow</Filter>
    </ClCompile>
    <ClCompile Include="tasktray/TaskTray.cpp">
      <Filter>tasktray</Filter>
    </ClCompile>
    <ClCompile Include="settingwindow\SoundSettingDialog.cpp">
      <Filter>settingwindow</Filter>
    </ClCompile>
    <ClCompile Include="settingwindow\ViewSettingDialog.cpp">
      <Filter>settingwindow</Filter>
    </ClCompile>
    <ClCompile Include="settingwindow/SettingDialog.cpp">
      <Filter>settingwindow</Filter>
    </ClCompile>
    <ClCompile Include="settingwindow\AppSettingPathPage.cpp">
      <Filter>settingwindow</Filter>
    </ClCompile>
    <ClCompile Include="settingwindow\BasicSettingDialog.cpp">
      <Filter>settingwindow</Filter>
    </ClCompile>
    <ClCompile Include="settingwindow\ExecSettingDialog.cpp">
      <Filter>settingwindow</Filter>
    </ClCompile>
    <ClCompile Include="settingwindow\InputSettingDialog.cpp">
      <Filter>settingwindow</Filter>
    </ClCompile>
    <ClCompile Include="settingwindow\ShortcutSettingPage.cpp">
      <Filter>settingwindow</Filter>
    </ClCompile>
    <ClCompile Include="icon/IconLabel.cpp">
      <Filter>icon</Filter>
    </ClCompile>
    <ClCompile Include="icon\CaptureIconLabel.cpp">
      <Filter>icon</Filter>
    </ClCompile>
    <ClCompile Include="gui/BreadCrumbs.cpp">
      <Filter>gui</Filter>
    </ClCompile>
    <ClCompile Include="hotkey\AppHotKey.cpp">
      <Filter>hotkey</Filter>
    </ClCompile>
    <ClCompile Include="app/Arguments.cpp">
      <Filter>app</Filter>
    </ClCompile>
    <ClCompile Include="hotkey\CommandHotKeyDialog.cpp">
      <Filter>hotkey</Filter>
    </ClCompile>
    <ClCompile Include="hotkey\CommandHotKeyManager.cpp">
      <Filter>hotkey</Filter>
    </ClCompile>
    <ClCompile Include="hotkey/CommandHotKeyMappings.cpp">
      <Filter>hotkey</Filter>
    </ClCompile>
    <ClCompile Include="hotkey\GlobalHotKey.cpp">
      <Filter>hotkey</Filter>
    </ClCompile>
    <ClCompile Include="hotkey/HotKeyAttribute.cpp">
      <Filter>hotkey</Filter>
    </ClCompile>
    <ClCompile Include="hotkey/HotKeyDialog.cpp">
      <Filter>hotkey</Filter>
    </ClCompile>
    <ClCompile Include="hotkey/NamedCommandHotKeyHandler.cpp">
      <Filter>hotkey</Filter>
    </ClCompile>
    <ClCompile Include="app/LauncherApp.cpp">
      <Filter>app</Filter>
    </ClCompile>
    <ClCompile Include="app/StartupParam.cpp">
      <Filter>app</Filter>
    </ClCompile>
    <ClCompile Include="matcher/Migemo.cpp">
      <Filter>matcher</Filter>
    </ClCompile>
    <ClCompile Include="matcher/PartialMatchPattern.cpp">
      <Filter>matcher</Filter>
    </ClCompile>
    <ClCompile Include="matcher/Pattern.cpp">
      <Filter>matcher</Filter>
    </ClCompile>
    <ClCompile Include="matcher/WholeMatchPattern.cpp">
      <Filter>matcher</Filter>
    </ClCompile>
    <ClCompile Include="settingwindow\ExtensionSettingDialog.cpp">
      <Filter>settingwindow</Filter>
    </ClCompile>
    <ClCompile Include="commands/core/CommandRepository.cpp">
      <Filter>commands\core</Filter>
    </ClCompile>
    <ClCompile Include="commands/core/CommandParameter.cpp">
      <Filter>commands\core</Filter>
    </ClCompile>
    <ClCompile Include="commands/core\CommandRanking.cpp">
      <Filter>commands\core</Filter>
    </ClCompile>
    <ClCompile Include="commands/core\CommandQueryItem.cpp">
      <Filter>commands\core</Filter>
    </ClCompile>
    <ClCompile Include="gui\SelectCommandTypeDialog.cpp">
      <Filter>gui</Filter>
    </ClCompile>
    <ClCompile Include="commands/core/CommandFile.cpp">
      <Filter>commands\core</Filter>
    </ClCompile>
    <ClCompile Include="commands/core/CommandMap.cpp">
      <Filter>commands\core</Filter>
    </ClCompile>
    <ClCompile Include="mainwindow/AppSound.cpp">
      <Filter>mainwindow</Filter>
    </ClCompile>
    <ClCompile Include="logger/Logger.cpp">
      <Filter>logger</Filter>
    </ClCompile>
    <ClCompile Include="setting/AppPreference.cpp">
      <Filter>setting</Filter>
    </ClCompile>
    <ClCompile Include="setting/Settings.cpp">
      <Filter>setting</Filter>
    </ClCompile>
    <ClCompile Include="mainwindow/WindowTransparency.cpp">
      <Filter>mainwindow</Filter>
    </ClCompile>
    <ClCompile Include="settingwindow\InputWindowKeySettingPage.cpp">
      <Filter>settingwindow</Filter>
    </ClCompile>
    <ClCompile Include="mainwindow\MainWindowHotKey.cpp">
      <Filter>mainwindow</Filter>
    </ClCompile>
    <ClCompile Include="settingwindow\ExcludePathPage.cpp">
      <Filter>settingwindow</Filter>
    </ClCompile>
    <ClCompile Include="commands\pathfind\ExcludePathList.cpp">
      <Filter>commands\pathfind</Filter>
    </ClCompile>
    <ClCompile Include="commands\watchpath\WatchPathToast.cpp">
      <Filter>commands\watchpath</Filter>
    </ClCompile>
    <ClCompile Include="mainwindow\LauncherWindowEventDispatcher.cpp">
      <Filter>mainwindow</Filter>
    </ClCompile>
    <ClCompile Include="settingwindow\AppSettingPageOther.cpp">
      <Filter>settingwindow</Filter>
    </ClCompile>
    <ClCompile Include="mainwindow\OperationWatcher.cpp">
      <Filter>mainwindow</Filter>
    </ClCompile>
    <ClCompile Include="mainwindow\WarnWorkTimeToast.cpp">
      <Filter>mainwindow</Filter>
    </ClCompile>
    <ClCompile Include="commands\builtin\BuiltinEditDialog.cpp">
      <Filter>commands\builtin</Filter>
    </ClCompile>
    <ClCompile Include="commands\builtin\BuiltinCommandFactory.cpp">
      <Filter>commands\builtin</Filter>
    </ClCompile>
    <ClCompile Include="commands\common\UserCommandBase.cpp">
      <Filter>commands\common</Filter>
    </ClCompile>
    <ClCompile Include="settingwindow\InputHistorySettingPage.cpp">
      <Filter>settingwindow</Filter>
    </ClCompile>
    <ClCompile Include="commands\activate_window\WindowList.cpp">
      <Filter>commands\activate_window</Filter>
    </ClCompile>
    <ClCompile Include="app\Manual.cpp">
      <Filter>app</Filter>
    </ClCompile>
    <ClCompile Include="gui\SinglePageDialog.cpp">
      <Filter>gui</Filter>
    </ClCompile>
    <ClCompile Include="macros\core\MacroRepository.cpp">
      <Filter>macros\core</Filter>
    </ClCompile>
    <ClCompile Include="macros\builtin\EnvMacro.cpp">
      <Filter>macros\builtin</Filter>
    </ClCompile>
    <ClCompile Include="macros\core\MacroBase.cpp">
      <Filter>macros\core</Filter>
    </ClCompile>
    <ClCompile Include="macros\afxw\AfxwMacro.cpp">
      <Filter>macros\afxw</Filter>
    </ClCompile>
    <ClCompile Include="macros\builtin\ClipboardMacro.cpp">
      <Filter>macros\builtin</Filter>
    </ClCompile>
    <ClCompile Include="macros\afxw\AfxWWrapper.cpp">
      <Filter>macros\afxw</Filter>
    </ClCompile>
    <ClCompile Include="macros\random\RandomMacro.cpp">
      <Filter>macros\random</Filter>
    </ClCompile>
    <ClCompile Include="commands\builtin\DisplayOffCommand.cpp">
      <Filter>commands\builtin</Filter>
    </ClCompile>
    <ClCompile Include="settingwindow\AppSettingPageCommandPriority.cpp">
      <Filter>settingwindow</Filter>
    </ClCompile>
    <ClCompile Include="hotkey\KeyInputWatch.cpp">
      <Filter>hotkey</Filter>
    </ClCompile>
    <ClCompile Include="hotkey\AppHotKeyDialog.cpp">
      <Filter>hotkey</Filter>
    </ClCompile>
    <ClCompile Include="macros\builtin\BaseNameMacro.cpp">
      <Filter>macros\builtin</Filter>
    </ClCompile>
    <ClCompile Include="commands\volumecontrol\VolumeCommand.cpp">
      <Filter>commands\volumecontrol</Filter>
    </ClCompile>
    <ClCompile Include="commands\volumecontrol\VolumeCommandProvider.cpp">
      <Filter>commands\volumecontrol</Filter>
    </ClCompile>
    <ClCompile Include="commands\volumecontrol\VolumeEditDialog.cpp">
      <Filter>commands\volumecontrol</Filter>
    </ClCompile>
    <ClCompile Include="commands\volumecontrol\AudioSessionVolume.cpp">
      <Filter>commands\volumecontrol</Filter>
    </ClCompile>
    <ClCompile Include="commands\mmc\MMCCommand.cpp">
      <Filter>commands\mmc</Filter>
    </ClCompile>
    <ClCompile Include="commands\mmc\MMCCommandProvider.cpp">
      <Filter>commands\mmc</Filter>
    </ClCompile>
    <ClCompile Include="commands\mmc\MMCSnapins.cpp">
      <Filter>commands\mmc</Filter>
    </ClCompile>
    <ClCompile Include="macros\powerstatus\PowerStatusMacro.cpp">
      <Filter>macros\macro</Filter>
    </ClCompile>
    <ClCompile Include="commands\ejectvolume\EjectVolume.cpp">
      <Filter>commands\ejectvolume</Filter>
    </ClCompile>
    <ClCompile Include="commands\ejectvolume\EjectVolumeCommand.cpp">
      <Filter>commands\ejectvolume</Filter>
    </ClCompile>
    <ClCompile Include="commands\ejectvolume\EjectVolumeProvider.cpp">
      <Filter>commands\ejectvolume</Filter>
    </ClCompile>
    <ClCompile Include="commands\ejectvolume\EjectVolumeEditDialog.cpp">
      <Filter>commands\ejectvolume</Filter>
    </ClCompile>
    <ClCompile Include="commands\common\CommandEditValidation.cpp">
      <Filter>commands\common</Filter>
    </ClCompile>
    <ClCompile Include="commands\everything\Everything-SDK\src\Everything.c">
      <Filter>commands\everything\Everything-SDK\src</Filter>
    </ClCompile>
    <ClCompile Include="commands\everything\EverythingCommand.cpp">
      <Filter>commands\everything</Filter>
    </ClCompile>
    <ClCompile Include="commands\everything\EverythingCommandEditDialog.cpp">
      <Filter>commands\everything</Filter>
    </ClCompile>
    <ClCompile Include="commands\everything\EverythingCommandProvider.cpp">
      <Filter>commands\everything</Filter>
    </ClCompile>
    <ClCompile Include="commands\everything\EverythingAdhocCommand.cpp">
      <Filter>commands\everything</Filter>
    </ClCompile>
    <ClCompile Include="commands\everything\AppSettingEverythingPage.cpp">
      <Filter>commands\everything</Filter>
    </ClCompile>
    <ClCompile Include="commands\everything\EverythingProxy.cpp">
      <Filter>commands\everything</Filter>
    </ClCompile>
    <ClCompile Include="mainwindow\MainWindowDeactivateBlocker.cpp">
      <Filter>mainwindow</Filter>
    </ClCompile>
    <ClCompile Include="commands\everything\EverythingCommandParam.cpp">
      <Filter>commands\everything</Filter>
    </ClCompile>
    <ClCompile Include="commands\filter\FilterAdhocCommand.cpp">
      <Filter>commands\filter</Filter>
    </ClCompile>
    <ClCompile Include="commands\core\CommandFileEntry.cpp">
      <Filter>commands\core</Filter>
    </ClCompile>
    <ClCompile Include="commands\websearch\WebSearchAdhocCommand.cpp">
      <Filter>commands\websearch</Filter>
    </ClCompile>
    <ClCompile Include="commands\watchpath\UNCPathTarget.cpp">
      <Filter>commands\watchpath</Filter>
    </ClCompile>
    <ClCompile Include="commands\watchpath\LocalPathTarget.cpp">
      <Filter>commands\watchpath</Filter>
    </ClCompile>
    <ClCompile Include="gui\DDXWrapper.cpp">
      <Filter>gui</Filter>
    </ClCompile>
    <ClCompile Include="commands\align_window\AlignWindowCommandParamItem.cpp">
      <Filter>commands\align_window</Filter>
    </ClCompile>
    <ClCompile Include="hotkey\CommandHotKeyAttribute.cpp">
      <Filter>hotkey</Filter>
    </ClCompile>
    <ClCompile Include="commands\decodestring\DecodeBase64Command.cpp">
      <Filter>commands\decodestring</Filter>
    </ClCompile>
    <ClCompile Include="commands\webhistory\WebHistoryCommand.cpp">
      <Filter>commands\webhistory</Filter>
    </ClCompile>
    <ClCompile Include="commands\webhistory\WebHistoryCommandParam.cpp">
      <Filter>commands\webhistory</Filter>
    </ClCompile>
    <ClCompile Include="commands\webhistory\WebHistoryProvider.cpp">
      <Filter>commands\webhistory</Filter>
    </ClCompile>
    <ClCompile Include="commands\webhistory\WebHistorySettingDialog.cpp">
      <Filter>commands\webhistory</Filter>
    </ClCompile>
    <ClCompile Include="commands\webhistory\WebHistoryAdhocCommand.cpp">
      <Filter>commands\webhistory</Filter>
    </ClCompile>
    <ClCompile Include="commands\webhistory\ChromiumBrowseHistory.cpp">
      <Filter>commands\webhistory</Filter>
    </ClCompile>
    <ClCompile Include="commands\bookmarks\BookmarkCommand.cpp">
      <Filter>commands\bookmarks</Filter>
    </ClCompile>
    <ClCompile Include="commands\bookmarks\BookmarkCommandParam.cpp">
      <Filter>commands\bookmarks</Filter>
    </ClCompile>
    <ClCompile Include="commands\bookmarks\BookmarkSettingDialog.cpp">
      <Filter>commands\bookmarks</Filter>
    </ClCompile>
    <ClCompile Include="utility\VersionInfo.cpp">
      <Filter>utility</Filter>
    </ClCompile>
    <ClCompile Include="utility\Path.cpp">
      <Filter>utility</Filter>
    </ClCompile>
    <ClCompile Include="commands\builtin\CopyClipboardCommand.cpp">
      <Filter>commands\builtin</Filter>
    </ClCompile>
    <ClCompile Include="commands\core\DefaultCommand.cpp">
      <Filter>commands\core</Filter>
    </ClCompile>
    <ClCompile Include="matcher\CommandToken.cpp">
      <Filter>matcher</Filter>
    </ClCompile>
    <ClCompile Include="commands\url_directoryindex\URLDirectoryIndexCommand.cpp">
      <Filter>commands\url_directoryindex</Filter>
    </ClCompile>
    <ClCompile Include="commands\url_directoryindex\URLDirectoryIndexCommandEditDialog.cpp">
      <Filter>commands\url_directoryindex</Filter>
    </ClCompile>
    <ClCompile Include="commands\url_directoryindex\URLDirectoryIndexCommandParam.cpp">
      <Filter>commands\url_directoryindex</Filter>
    </ClCompile>
    <ClCompile Include="commands\url_directoryindex\URLDirectoryIndexCommandProvider.cpp">
      <Filter>commands\url_directoryindex</Filter>
    </ClCompile>
    <ClCompile Include="commands\url_directoryindex\DirectoryIndexAdhocCommand.cpp">
      <Filter>commands\url_directoryindex</Filter>
    </ClCompile>
    <ClCompile Include="utility\AES.cpp">
      <Filter>utility</Filter>
    </ClCompile>
    <ClCompile Include="commands\keysplitter\KeySplitterParam.cpp">
      <Filter>commands\keysplitter</Filter>
    </ClCompile>
    <ClCompile Include="commands\keysplitter\KeySplitterModifierState.cpp">
      <Filter>commands\keysplitter</Filter>
    </ClCompile>
    <ClCompile Include="commands\keysplitter\KeySplitterEditDialog.cpp">
      <Filter>commands\keysplitter</Filter>
    </ClCompile>
    <ClCompile Include="commands\keysplitter\KeySplitterModifierDialog.cpp">
      <Filter>commands\keysplitter</Filter>
    </ClCompile>
    <ClCompile Include="commands\keysplitter\KeySplitterCommand.cpp">
      <Filter>commands\keysplitter</Filter>
    </ClCompile>
    <ClCompile Include="commands\keysplitter\KeySplitterCommandProvider.cpp">
      <Filter>commands\keysplitter</Filter>
    </ClCompile>
    <ClCompile Include="gui\ColorSettings.cpp">
      <Filter>gui</Filter>
    </ClCompile>
    <ClCompile Include="gui\SystemColorScheme.cpp">
      <Filter>gui</Filter>
    </ClCompile>
    <ClCompile Include="settingwindow\AppSettingPageColor.cpp">
      <Filter>settingwindow</Filter>
    </ClCompile>
    <ClCompile Include="gui\ImageLabel.cpp">
      <Filter>gui</Filter>
    </ClCompile>
    <ClCompile Include="gui\CustomColorScheme.cpp">
      <Filter>gui</Filter>
    </ClCompile>
    <ClCompile Include="commands\common\UserCommandProviderBase.cpp">
      <Filter>commands\common</Filter>
    </ClCompile>
    <ClCompile Include="commands\extracandidate\ExtraCandidateProvider.cpp">
      <Filter>commands\extracandidate</Filter>
    </ClCompile>
    <ClCompile Include="commands\simple_dict\DictionaryLoader.cpp">
      <Filter>commands\simple_dict</Filter>
    </ClCompile>
    <ClCompile Include="commands\common\CommandParameterFunctions.cpp">
      <Filter>commands\common</Filter>
    </ClCompile>
    <ClCompile Include="commands\builtin\EditCandidateCommand.cpp">
      <Filter>commands\builtin</Filter>
    </ClCompile>
    <ClCompile Include="commands\builtin\DeleteCandidateCommand.cpp">
      <Filter>commands\builtin</Filter>
    </ClCompile>
    <ClCompile Include="app\AppProcess.cpp">
      <Filter>app</Filter>
    </ClCompile>
    <ClCompile Include="utility\TopMostMask.cpp">
      <Filter>utility</Filter>
    </ClCompile>
    <ClCompile Include="commands\align_window\AlignWindowCommandEditor.cpp">
      <Filter>commands\align_window</Filter>
    </ClCompile>
    <ClCompile Include="commands\activate_window\WindowActivateCommandEditor.cpp">
      <Filter>commands\activate_window</Filter>
    </ClCompile>
    <ClCompile Include="commands\ejectvolume\EjectVolumeCommandEditor.cpp">
      <Filter>commands\ejectvolume</Filter>
    </ClCompile>
    <ClCompile Include="commands\keysplitter\KeySplitterCommandEditor.cpp">
      <Filter>commands\keysplitter</Filter>
    </ClCompile>
    <ClCompile Include="commands\everything\EverythingCommandEditor.cpp">
      <Filter>commands\everything</Filter>
    </ClCompile>
    <ClCompile Include="commands\url_directoryindex\URLDirectoryIndexCommandEditor.cpp">
      <Filter>commands\url_directoryindex</Filter>
    </ClCompile>
    <ClCompile Include="commands\simple_dict\SimpleDictCommandEditor.cpp">
      <Filter>commands\simple_dict</Filter>
    </ClCompile>
    <ClCompile Include="commands\volumecontrol\VolumeCommandEditor.cpp">
      <Filter>commands\volumecontrol</Filter>
    </ClCompile>
    <ClCompile Include="commands\webhistory\WebHistoryCommandEditor.cpp">
      <Filter>commands\webhistory</Filter>
    </ClCompile>
    <ClCompile Include="commands\websearch\WebSearchCommandEditor.cpp">
      <Filter>commands\websearch</Filter>
    </ClCompile>
    <ClCompile Include="commands\filter\FilterCommandEditor.cpp">
      <Filter>commands\filter</Filter>
    </ClCompile>
    <ClCompile Include="commands\group\GroupCommandEditor.cpp">
      <Filter>commands\group</Filter>
    </ClCompile>
    <ClCompile Include="commands\regexp\RegExpCommandEditor.cpp">
      <Filter>commands\regexp</Filter>
    </ClCompile>
    <ClCompile Include="commands\snippet\SnippetCommandEditor.cpp">
      <Filter>commands\snippet</Filter>
    </ClCompile>
    <ClCompile Include="commands\watchpath\WatchPathCommandEditor.cpp">
      <Filter>commands\watchpath</Filter>
    </ClCompile>
    <ClCompile Include="commands\shellexecute\ShellExecCommandEditor.cpp">
      <Filter>commands\shellexecute</Filter>
    </ClCompile>
    <ClCompile Include="commands\bookmarks\BookmarkCommandEditor.cpp">
      <Filter>commands\bookmarks</Filter>
    </ClCompile>
    <ClCompile Include="commands\builtin\BuiltinCommandEditor.cpp">
      <Filter>commands\builtin</Filter>
    </ClCompile>
    <ClCompile Include="commands\simple_dict\SimpleDictParam.cpp">
      <Filter>commands\simple_dict</Filter>
    </ClCompile>
    <ClCompile Include="commands\watchpath\WatchPathCommandParam.cpp">
      <Filter>commands\watchpath</Filter>
    </ClCompile>
    <ClCompile Include="mainwindow\layout\MainWindowLayout.cpp">
      <Filter>mainwindow\layout</Filter>
    </ClCompile>
    <ClCompile Include="utility\HWNDRect.cpp">
      <Filter>utility</Filter>
    </ClCompile>
    <ClCompile Include="mainwindow\layout\DefaultComponentPlacer.cpp">
      <Filter>mainwindow\layout</Filter>
    </ClCompile>
    <ClCompile Include="mainwindow\layout\NoGuideComponentPlacer.cpp">
      <Filter>mainwindow\layout</Filter>
    </ClCompile>
    <ClCompile Include="mainwindow\layout\NoIconComponentPlacer.cpp">
      <Filter>mainwindow\layout</Filter>
    </ClCompile>
    <ClCompile Include="mainwindow\layout\NoGuideNoIconComponentPlacer.cpp">
      <Filter>mainwindow\layout</Filter>
    </ClCompile>
    <ClCompile Include="utility\WinHttp.cpp">
      <Filter>utility</Filter>
    </ClCompile>
    <ClCompile Include="mainwindow\MainWindowAppearance.cpp">
      <Filter>mainwindow</Filter>
    </ClCompile>
    <ClCompile Include="mainwindow\layout\WindowPosition.cpp">
      <Filter>mainwindow\layout</Filter>
    </ClCompile>
    <ClCompile Include="mainwindow\MainWindowInput.cpp">
      <Filter>mainwindow</Filter>
    </ClCompile>
    <ClCompile Include="macros\builtin\AppNameMacro.cpp">
      <Filter>macros\builtin</Filter>
    </ClCompile>
    <ClCompile Include="hotkey\VirtualKeyDefine.cpp">
      <Filter>hotkey</Filter>
    </ClCompile>
    <ClCompile Include="hotkey\SandSKeyAttribute.cpp">
      <Filter>hotkey</Filter>
    </ClCompile>
    <ClCompile Include="hotkey\SandSKeyState.cpp">
      <Filter>hotkey</Filter>
    </ClCompile>
    <ClCompile Include="commands\snippetgroup\SnippetGroupAdhocCommand.cpp">
      <Filter>commands\snippetgroup</Filter>
    </ClCompile>
    <ClCompile Include="commands\snippetgroup\SnippetGroupCommand.cpp">
      <Filter>commands\snippetgroup</Filter>
    </ClCompile>
    <ClCompile Include="commands\snippetgroup\SnippetGroupCommandEditor.cpp">
      <Filter>commands\snippetgroup</Filter>
    </ClCompile>
    <ClCompile Include="commands\snippetgroup\SnippetGroupEditDialog.cpp">
      <Filter>commands\snippetgroup</Filter>
    </ClCompile>
    <ClCompile Include="commands\snippetgroup\SnippetGroupItem.cpp">
      <Filter>commands\snippetgroup</Filter>
    </ClCompile>
    <ClCompile Include="commands\snippetgroup\SnippetGroupItemDialog.cpp">
      <Filter>commands\snippetgroup</Filter>
    </ClCompile>
    <ClCompile Include="commands\snippetgroup\SnippetGroupParam.cpp">
      <Filter>commands\snippetgroup</Filter>
    </ClCompile>
    <ClCompile Include="commands\snippetgroup\SnippetGroupProvider.cpp">
      <Filter>commands\snippetgroup</Filter>
    </ClCompile>
    <ClCompile Include="macros\builtin\DateMacro.cpp">
      <Filter>macros\builtin</Filter>
    </ClCompile>
    <ClCompile Include="commands\simple_dict\SimpleDictPreviewDialog.cpp">
      <Filter>commands\simple_dict</Filter>
    </ClCompile>
    <ClCompile Include="commands\builtin\RestartCommand.cpp">
      <Filter>commands\builtin</Filter>
    </ClCompile>
    <ClCompile Include="commands\activate_worksheet\ActivateWorksheetProvider.cpp">
      <Filter>commands\activate_worksheet</Filter>
    </ClCompile>
    <ClCompile Include="commands\activate_worksheet\CalcWorksheetCommand.cpp">
      <Filter>commands\activate_worksheet</Filter>
    </ClCompile>
    <ClCompile Include="commands\activate_worksheet\CalcWorkSheets.cpp">
      <Filter>commands\activate_worksheet</Filter>
    </ClCompile>
    <ClCompile Include="commands\activate_worksheet\ExcelWorkSheets.cpp">
      <Filter>commands\activate_worksheet</Filter>
    </ClCompile>
    <ClCompile Include="commands\activate_worksheet\WorksheetCommand.cpp">
      <Filter>commands\activate_worksheet</Filter>
    </ClCompile>
    <ClCompile Include="commands\common\AutoWrap.cpp">
      <Filter>commands\common</Filter>
    </ClCompile>
  </ItemGroup>
  <ItemGroup>
    <ResourceCompile Include="Soyokaze.rc">
      <Filter>リソース ファイル</Filter>
    </ResourceCompile>
  </ItemGroup>
  <ItemGroup>
    <None Include="res\Soyokaze.rc2">
      <Filter>リソース ファイル</Filter>
    </None>
    <None Include="res\CAPTURE.cur">
      <Filter>リソース ファイル</Filter>
    </None>
  </ItemGroup>
  <ItemGroup>
    <Image Include="res\icon.ico">
      <Filter>リソース ファイル</Filter>
    </Image>
  </ItemGroup>
</Project>